// !$*UTF8*$!
{
	archiveVersion = 1;
	classes = {
	};
	objectVersion = 56;
	objects = {

/* Begin PBXBuildFile section */
		7C864BC7B29DAE732087A2F7 /* Pods_AMaldonadoECommerce.framework in Frameworks */ = {isa = PBXBuildFile; fileRef = E594F967522DFE6335B40369 /* Pods_AMaldonadoECommerce.framework */; };
		9663A7BA261AADB3DAB5CB39 /* Pods_AMaldonadoECommerceVenta.framework in Frameworks */ = {isa = PBXBuildFile; fileRef = BB01727CF9EF3A02FABCD820 /* Pods_AMaldonadoECommerceVenta.framework */; };
		FA092F5529FC808B00F8E423 /* Usuario.swift in Sources */ = {isa = PBXBuildFile; fileRef = FA092F5429FC808B00F8E423 /* Usuario.swift */; };
		FA1ADA502A0AF4BD0077B883 /* RolController.swift in Sources */ = {isa = PBXBuildFile; fileRef = FA1ADA4F2A0AF4BD0077B883 /* RolController.swift */; };
		FA1ADA522A0AF66F0077B883 /* GetAllRolesController.swift in Sources */ = {isa = PBXBuildFile; fileRef = FA1ADA512A0AF66F0077B883 /* GetAllRolesController.swift */; };
		FA1ADA542A0AFB6A0077B883 /* RolViewModel.swift in Sources */ = {isa = PBXBuildFile; fileRef = FA1ADA532A0AFB6A0077B883 /* RolViewModel.swift */; };
		FA1ADA562A0AFBF40077B883 /* Rol.swift in Sources */ = {isa = PBXBuildFile; fileRef = FA1ADA552A0AFBF40077B883 /* Rol.swift */; };
		FA1ADA5D2A0B0A5F0077B883 /* RolCell.swift in Sources */ = {isa = PBXBuildFile; fileRef = FA1ADA5B2A0B0A5F0077B883 /* RolCell.swift */; };
		FA1ADA5E2A0B0A5F0077B883 /* RolCell.xib in Resources */ = {isa = PBXBuildFile; fileRef = FA1ADA5C2A0B0A5F0077B883 /* RolCell.xib */; };
		FA289FB72A257C7600438183 /* AMaldonadoECommerceVentaTests.swift in Sources */ = {isa = PBXBuildFile; fileRef = FA289FB62A257C7600438183 /* AMaldonadoECommerceVentaTests.swift */; };
		FA3011662A26CEB90055B04A /* AMaldonadoECommerceVentaUITests.swift in Sources */ = {isa = PBXBuildFile; fileRef = FA3011652A26CEB90055B04A /* AMaldonadoECommerceVentaUITests.swift */; };
		FA3011682A26CEB90055B04A /* AMaldonadoECommerceVentaUITestsLaunchTests.swift in Sources */ = {isa = PBXBuildFile; fileRef = FA3011672A26CEB90055B04A /* AMaldonadoECommerceVentaUITestsLaunchTests.swift */; };
		FA39F6702A180DF10034A2A1 /* GoogleService-Info.plist in Resources */ = {isa = PBXBuildFile; fileRef = FA39F66F2A180DF10034A2A1 /* GoogleService-Info.plist */; };
		FA39F6732A180EF20034A2A1 /* FirebaseAuth in Frameworks */ = {isa = PBXBuildFile; productRef = FA39F6722A180EF20034A2A1 /* FirebaseAuth */; };
		FA39F6752A180EF20034A2A1 /* FirebaseCrashlytics in Frameworks */ = {isa = PBXBuildFile; productRef = FA39F6742A180EF20034A2A1 /* FirebaseCrashlytics */; };
		FA39F6772A180EF20034A2A1 /* FirebaseStorage in Frameworks */ = {isa = PBXBuildFile; productRef = FA39F6762A180EF20034A2A1 /* FirebaseStorage */; };
		FA4363382A16D81A008B288B /* AreaViewModel.swift in Sources */ = {isa = PBXBuildFile; fileRef = FA4363372A16D81A008B288B /* AreaViewModel.swift */; };
		FA67BF6129FC57C3007F64DA /* DBManager.swift in Sources */ = {isa = PBXBuildFile; fileRef = FA67BF6029FC57C3007F64DA /* DBManager.swift */; };
		FA67CCA12A1E77B4008572A5 /* GetDepartamentosController.swift in Sources */ = {isa = PBXBuildFile; fileRef = FA67CCA02A1E77B4008572A5 /* GetDepartamentosController.swift */; };
		FA67CCA72A1E8D8F008572A5 /* ProductoCollCell.swift in Sources */ = {isa = PBXBuildFile; fileRef = FA67CCA52A1E8D8F008572A5 /* ProductoCollCell.swift */; };
		FA67CCA82A1E8D8F008572A5 /* ProductoCollCell.xib in Resources */ = {isa = PBXBuildFile; fileRef = FA67CCA62A1E8D8F008572A5 /* ProductoCollCell.xib */; };
		FA67CCAA2A1E9176008572A5 /* GetProductosByDepController.swift in Sources */ = {isa = PBXBuildFile; fileRef = FA67CCA92A1E9176008572A5 /* GetProductosByDepController.swift */; };
		FA6C7D2A2A1D8FDF00714194 /* AreaDepCell.swift in Sources */ = {isa = PBXBuildFile; fileRef = FA6C7D282A1D8FDF00714194 /* AreaDepCell.swift */; };
		FA6C7D2B2A1D8FDF00714194 /* AreaDepCell.xib in Resources */ = {isa = PBXBuildFile; fileRef = FA6C7D292A1D8FDF00714194 /* AreaDepCell.xib */; };
		FA6C7D2D2A1D906200714194 /* GetAllAreaController.swift in Sources */ = {isa = PBXBuildFile; fileRef = FA6C7D2C2A1D906200714194 /* GetAllAreaController.swift */; };
		FA71E6822A1BFA4700A341C9 /* LoginController.swift in Sources */ = {isa = PBXBuildFile; fileRef = FA71E6812A1BFA4700A341C9 /* LoginController.swift */; };
		FA71E6842A1C1F7B00A341C9 /* RegisterController.swift in Sources */ = {isa = PBXBuildFile; fileRef = FA71E6832A1C1F7B00A341C9 /* RegisterController.swift */; };
		FA71F4A02A03112A0029D67D /* GetAllUsuariosController.swift in Sources */ = {isa = PBXBuildFile; fileRef = FA71F49F2A03112A0029D67D /* GetAllUsuariosController.swift */; };
		FA71F4A32A0311720029D67D /* UsuarioCell.swift in Sources */ = {isa = PBXBuildFile; fileRef = FA71F4A12A0311720029D67D /* UsuarioCell.swift */; };
		FA71F4A42A0311720029D67D /* UsuarioCell.xib in Resources */ = {isa = PBXBuildFile; fileRef = FA71F4A22A0311720029D67D /* UsuarioCell.xib */; };
		FA79D67E2A01D18300CD2645 /* Result.swift in Sources */ = {isa = PBXBuildFile; fileRef = FA79D67D2A01D18300CD2645 /* Result.swift */; };
		FA8240F02A2682FE00C9DDDD /* FirebaseAuth in Frameworks */ = {isa = PBXBuildFile; productRef = FA8240EF2A2682FE00C9DDDD /* FirebaseAuth */; };
		FA8240F22A2682FE00C9DDDD /* FirebaseCrashlytics in Frameworks */ = {isa = PBXBuildFile; productRef = FA8240F12A2682FE00C9DDDD /* FirebaseCrashlytics */; };
		FA8240F42A2682FE00C9DDDD /* FirebaseStorage in Frameworks */ = {isa = PBXBuildFile; productRef = FA8240F32A2682FE00C9DDDD /* FirebaseStorage */; };
		FA8240F62A2683E400C9DDDD /* FirebaseAuth in Frameworks */ = {isa = PBXBuildFile; productRef = FA8240F52A2683E400C9DDDD /* FirebaseAuth */; };
		FA8240F82A2683E400C9DDDD /* FirebaseCrashlytics in Frameworks */ = {isa = PBXBuildFile; productRef = FA8240F72A2683E400C9DDDD /* FirebaseCrashlytics */; };
		FA8240FA2A2683E400C9DDDD /* FirebaseStorage in Frameworks */ = {isa = PBXBuildFile; productRef = FA8240F92A2683E400C9DDDD /* FirebaseStorage */; };
		FA8DA7362A153D9000D6D400 /* ProductoController.swift in Sources */ = {isa = PBXBuildFile; fileRef = FA8DA7352A153D9000D6D400 /* ProductoController.swift */; };
		FA8DA7382A15615D00D6D400 /* DepartamentoViewModel.swift in Sources */ = {isa = PBXBuildFile; fileRef = FA8DA7372A15615D00D6D400 /* DepartamentoViewModel.swift */; };
		FA8DA73A2A15671900D6D400 /* ProveedorViewModel.swift in Sources */ = {isa = PBXBuildFile; fileRef = FA8DA7392A15671900D6D400 /* ProveedorViewModel.swift */; };
		FA9379A729FB2D2300B135FB /* AppDelegate.swift in Sources */ = {isa = PBXBuildFile; fileRef = FA9379A629FB2D2300B135FB /* AppDelegate.swift */; };
		FA9379A929FB2D2300B135FB /* SceneDelegate.swift in Sources */ = {isa = PBXBuildFile; fileRef = FA9379A829FB2D2300B135FB /* SceneDelegate.swift */; };
		FA9379AB29FB2D2300B135FB /* UsuarioController.swift in Sources */ = {isa = PBXBuildFile; fileRef = FA9379AA29FB2D2300B135FB /* UsuarioController.swift */; };
		FA9379AE29FB2D2300B135FB /* Main.storyboard in Resources */ = {isa = PBXBuildFile; fileRef = FA9379AC29FB2D2300B135FB /* Main.storyboard */; };
		FA9379B029FB2D2400B135FB /* Assets.xcassets in Resources */ = {isa = PBXBuildFile; fileRef = FA9379AF29FB2D2400B135FB /* Assets.xcassets */; };
		FA9379B329FB2D2400B135FB /* LaunchScreen.storyboard in Resources */ = {isa = PBXBuildFile; fileRef = FA9379B129FB2D2400B135FB /* LaunchScreen.storyboard */; };
		FA9BC2FD2A0445A5008A4B79 /* UsuarioViewModel.swift in Sources */ = {isa = PBXBuildFile; fileRef = FA9BC2FC2A0445A5008A4B79 /* UsuarioViewModel.swift */; };
		FAA71DCD2A1FE96900B23183 /* AppDelegate.swift in Sources */ = {isa = PBXBuildFile; fileRef = FAA71DCC2A1FE96900B23183 /* AppDelegate.swift */; };
		FAA71DCF2A1FE96900B23183 /* SceneDelegate.swift in Sources */ = {isa = PBXBuildFile; fileRef = FAA71DCE2A1FE96900B23183 /* SceneDelegate.swift */; };
		FAA71DD12A1FE96900B23183 /* ViewController.swift in Sources */ = {isa = PBXBuildFile; fileRef = FAA71DD02A1FE96900B23183 /* ViewController.swift */; };
		FAA71DD42A1FE96900B23183 /* Main.storyboard in Resources */ = {isa = PBXBuildFile; fileRef = FAA71DD22A1FE96900B23183 /* Main.storyboard */; };
		FAA71DD62A1FE96A00B23183 /* Assets.xcassets in Resources */ = {isa = PBXBuildFile; fileRef = FAA71DD52A1FE96A00B23183 /* Assets.xcassets */; };
		FAA71DD92A1FE96A00B23183 /* LaunchScreen.storyboard in Resources */ = {isa = PBXBuildFile; fileRef = FAA71DD72A1FE96A00B23183 /* LaunchScreen.storyboard */; };
		FAA71DE42A20306E00B23183 /* DBManager.swift in Sources */ = {isa = PBXBuildFile; fileRef = FA67BF6029FC57C3007F64DA /* DBManager.swift */; };
		FAA71DE52A20306E00B23183 /* Result.swift in Sources */ = {isa = PBXBuildFile; fileRef = FA79D67D2A01D18300CD2645 /* Result.swift */; };
		FAA71DE62A20306E00B23183 /* Usuario.swift in Sources */ = {isa = PBXBuildFile; fileRef = FA092F5429FC808B00F8E423 /* Usuario.swift */; };
		FAA71DE72A20306E00B23183 /* Rol.swift in Sources */ = {isa = PBXBuildFile; fileRef = FA1ADA552A0AFBF40077B883 /* Rol.swift */; };
		FAA71DE82A20306E00B23183 /* Area.swift in Sources */ = {isa = PBXBuildFile; fileRef = FABA64AC2A1410A300E4C14E /* Area.swift */; };
		FAA71DE92A20307F00B23183 /* Departamento.swift in Sources */ = {isa = PBXBuildFile; fileRef = FABA64AE2A1410B500E4C14E /* Departamento.swift */; };
		FAA71DEA2A20307F00B23183 /* Proveedor.swift in Sources */ = {isa = PBXBuildFile; fileRef = FABA64B02A1410C600E4C14E /* Proveedor.swift */; };
		FAA71DEB2A20307F00B23183 /* Producto.swift in Sources */ = {isa = PBXBuildFile; fileRef = FABA64B22A1410D100E4C14E /* Producto.swift */; };
		FAA71DEC2A20313600B23183 /* UsuarioViewModel.swift in Sources */ = {isa = PBXBuildFile; fileRef = FA9BC2FC2A0445A5008A4B79 /* UsuarioViewModel.swift */; };
		FAA71DED2A20313600B23183 /* RolViewModel.swift in Sources */ = {isa = PBXBuildFile; fileRef = FA1ADA532A0AFB6A0077B883 /* RolViewModel.swift */; };
		FAA71DEE2A20313600B23183 /* ProductoViewModel.swift in Sources */ = {isa = PBXBuildFile; fileRef = FABA64B42A14126200E4C14E /* ProductoViewModel.swift */; };
		FAA71DEF2A20313600B23183 /* DepartamentoViewModel.swift in Sources */ = {isa = PBXBuildFile; fileRef = FA8DA7372A15615D00D6D400 /* DepartamentoViewModel.swift */; };
		FAA71DF02A20313600B23183 /* ProveedorViewModel.swift in Sources */ = {isa = PBXBuildFile; fileRef = FA8DA7392A15671900D6D400 /* ProveedorViewModel.swift */; };
		FAA71DF12A20313600B23183 /* AreaViewModel.swift in Sources */ = {isa = PBXBuildFile; fileRef = FA4363372A16D81A008B288B /* AreaViewModel.swift */; };
		FAA71DF62A20328100B23183 /* AreaDepCell.swift in Sources */ = {isa = PBXBuildFile; fileRef = FAA71DF42A20328100B23183 /* AreaDepCell.swift */; };
		FAA71DF72A20328200B23183 /* AreaDepCell.xib in Resources */ = {isa = PBXBuildFile; fileRef = FAA71DF52A20328100B23183 /* AreaDepCell.xib */; };
		FAA71DFB2A2032CC00B23183 /* ProductoCollCell.xib in Resources */ = {isa = PBXBuildFile; fileRef = FAA71DF92A2032CC00B23183 /* ProductoCollCell.xib */; };
		FAA71DFC2A2032CC00B23183 /* ProductoCollCell.swift in Sources */ = {isa = PBXBuildFile; fileRef = FAA71DFA2A2032CC00B23183 /* ProductoCollCell.swift */; };
		FAA71DFE2A20330300B23183 /* LoginController.swift in Sources */ = {isa = PBXBuildFile; fileRef = FAA71DFD2A20330300B23183 /* LoginController.swift */; };
		FAA71E0B2A2035BE00B23183 /* GoogleService-Info.plist in Resources */ = {isa = PBXBuildFile; fileRef = FA39F66F2A180DF10034A2A1 /* GoogleService-Info.plist */; };
		FAA71E1A2A20380E00B23183 /* GetAllAreaController.swift in Sources */ = {isa = PBXBuildFile; fileRef = FAA71E192A20380E00B23183 /* GetAllAreaController.swift */; };
		FAA71E1C2A20387400B23183 /* GetDepartamentosController.swift in Sources */ = {isa = PBXBuildFile; fileRef = FAA71E1B2A20387400B23183 /* GetDepartamentosController.swift */; };
		FAA71E1E2A2038DA00B23183 /* GetProductosByDepController.swift in Sources */ = {isa = PBXBuildFile; fileRef = FAA71E1D2A2038DA00B23183 /* GetProductosByDepController.swift */; };
		FABA64AD2A1410A300E4C14E /* Area.swift in Sources */ = {isa = PBXBuildFile; fileRef = FABA64AC2A1410A300E4C14E /* Area.swift */; };
		FABA64AF2A1410B500E4C14E /* Departamento.swift in Sources */ = {isa = PBXBuildFile; fileRef = FABA64AE2A1410B500E4C14E /* Departamento.swift */; };
		FABA64B12A1410C600E4C14E /* Proveedor.swift in Sources */ = {isa = PBXBuildFile; fileRef = FABA64B02A1410C600E4C14E /* Proveedor.swift */; };
		FABA64B32A1410D100E4C14E /* Producto.swift in Sources */ = {isa = PBXBuildFile; fileRef = FABA64B22A1410D100E4C14E /* Producto.swift */; };
		FABA64B52A14126200E4C14E /* ProductoViewModel.swift in Sources */ = {isa = PBXBuildFile; fileRef = FABA64B42A14126200E4C14E /* ProductoViewModel.swift */; };
		FABA64BA2A14248700E4C14E /* ProductoCell.swift in Sources */ = {isa = PBXBuildFile; fileRef = FABA64B82A14248700E4C14E /* ProductoCell.swift */; };
		FABA64BB2A14248700E4C14E /* ProductoCell.xib in Resources */ = {isa = PBXBuildFile; fileRef = FABA64B92A14248700E4C14E /* ProductoCell.xib */; };
		FABA64BD2A1455A900E4C14E /* GetAllProductosController.swift in Sources */ = {isa = PBXBuildFile; fileRef = FABA64BC2A1455A900E4C14E /* GetAllProductosController.swift */; };
		FAE0943B2A2142620060354B /* CarritoViewModel.swift in Sources */ = {isa = PBXBuildFile; fileRef = FAE0943A2A2142620060354B /* CarritoViewModel.swift */; };
		FAE0943E2A21442C0060354B /* AMaldonadoECommerce.xcdatamodeld in Sources */ = {isa = PBXBuildFile; fileRef = FAE0943C2A21442C0060354B /* AMaldonadoECommerce.xcdatamodeld */; };
		FAE094402A214B320060354B /* Carrito.swift in Sources */ = {isa = PBXBuildFile; fileRef = FAE0943F2A214B320060354B /* Carrito.swift */; };
		FAE094422A214C960060354B /* RegisterController.swift in Sources */ = {isa = PBXBuildFile; fileRef = FAE094412A214C960060354B /* RegisterController.swift */; };
		FAE094452A214F5F0060354B /* CarritoController.swift in Sources */ = {isa = PBXBuildFile; fileRef = FAE094442A214F5F0060354B /* CarritoController.swift */; };
		FAE094492A2152120060354B /* CarritoCell.swift in Sources */ = {isa = PBXBuildFile; fileRef = FAE094472A2152120060354B /* CarritoCell.swift */; };
		FAE0944A2A2152120060354B /* CarritoCell.xib in Resources */ = {isa = PBXBuildFile; fileRef = FAE094482A2152120060354B /* CarritoCell.xib */; };
/* End PBXBuildFile section */

/* Begin PBXContainerItemProxy section */
		FA289FB82A257C7600438183 /* PBXContainerItemProxy */ = {
			isa = PBXContainerItemProxy;
			containerPortal = FA93799B29FB2D2300B135FB /* Project object */;
			proxyType = 1;
			remoteGlobalIDString = FAA71DC92A1FE96900B23183;
			remoteInfo = AMaldonadoECommerceVenta;
		};
		FA3011692A26CEB90055B04A /* PBXContainerItemProxy */ = {
			isa = PBXContainerItemProxy;
			containerPortal = FA93799B29FB2D2300B135FB /* Project object */;
			proxyType = 1;
			remoteGlobalIDString = FAA71DC92A1FE96900B23183;
			remoteInfo = AMaldonadoECommerceVenta;
		};
		FA8240FB2A26848900C9DDDD /* PBXContainerItemProxy */ = {
			isa = PBXContainerItemProxy;
			containerPortal = FA93799B29FB2D2300B135FB /* Project object */;
			proxyType = 1;
			remoteGlobalIDString = FA9379A229FB2D2300B135FB;
			remoteInfo = AMaldonadoECommerce;
		};
/* End PBXContainerItemProxy section */

/* Begin PBXFileReference section */
		2625F444921D13A3F7D62AF9 /* Pods-AMaldonadoECommerceVenta.release.xcconfig */ = {isa = PBXFileReference; includeInIndex = 1; lastKnownFileType = text.xcconfig; name = "Pods-AMaldonadoECommerceVenta.release.xcconfig"; path = "Target Support Files/Pods-AMaldonadoECommerceVenta/Pods-AMaldonadoECommerceVenta.release.xcconfig"; sourceTree = "<group>"; };
		328A16C1D62642763DD0ABA6 /* Pods-AMaldonadoECommerce.debug.xcconfig */ = {isa = PBXFileReference; includeInIndex = 1; lastKnownFileType = text.xcconfig; name = "Pods-AMaldonadoECommerce.debug.xcconfig"; path = "Target Support Files/Pods-AMaldonadoECommerce/Pods-AMaldonadoECommerce.debug.xcconfig"; sourceTree = "<group>"; };
		432D98BE62759632D24CE027 /* Pods-AMaldonadoECommerce.release.xcconfig */ = {isa = PBXFileReference; includeInIndex = 1; lastKnownFileType = text.xcconfig; name = "Pods-AMaldonadoECommerce.release.xcconfig"; path = "Target Support Files/Pods-AMaldonadoECommerce/Pods-AMaldonadoECommerce.release.xcconfig"; sourceTree = "<group>"; };
		A93BAC17FC536F8895C889E4 /* Pods-AMaldonadoECommerceVenta.debug.xcconfig */ = {isa = PBXFileReference; includeInIndex = 1; lastKnownFileType = text.xcconfig; name = "Pods-AMaldonadoECommerceVenta.debug.xcconfig"; path = "Target Support Files/Pods-AMaldonadoECommerceVenta/Pods-AMaldonadoECommerceVenta.debug.xcconfig"; sourceTree = "<group>"; };
		BB01727CF9EF3A02FABCD820 /* Pods_AMaldonadoECommerceVenta.framework */ = {isa = PBXFileReference; explicitFileType = wrapper.framework; includeInIndex = 0; path = Pods_AMaldonadoECommerceVenta.framework; sourceTree = BUILT_PRODUCTS_DIR; };
		E594F967522DFE6335B40369 /* Pods_AMaldonadoECommerce.framework */ = {isa = PBXFileReference; explicitFileType = wrapper.framework; includeInIndex = 0; path = Pods_AMaldonadoECommerce.framework; sourceTree = BUILT_PRODUCTS_DIR; };
		FA092F5429FC808B00F8E423 /* Usuario.swift */ = {isa = PBXFileReference; lastKnownFileType = sourcecode.swift; path = Usuario.swift; sourceTree = "<group>"; };
		FA1ADA4F2A0AF4BD0077B883 /* RolController.swift */ = {isa = PBXFileReference; lastKnownFileType = sourcecode.swift; path = RolController.swift; sourceTree = "<group>"; };
		FA1ADA512A0AF66F0077B883 /* GetAllRolesController.swift */ = {isa = PBXFileReference; lastKnownFileType = sourcecode.swift; path = GetAllRolesController.swift; sourceTree = "<group>"; };
		FA1ADA532A0AFB6A0077B883 /* RolViewModel.swift */ = {isa = PBXFileReference; lastKnownFileType = sourcecode.swift; path = RolViewModel.swift; sourceTree = "<group>"; };
		FA1ADA552A0AFBF40077B883 /* Rol.swift */ = {isa = PBXFileReference; lastKnownFileType = sourcecode.swift; path = Rol.swift; sourceTree = "<group>"; };
		FA1ADA5B2A0B0A5F0077B883 /* RolCell.swift */ = {isa = PBXFileReference; lastKnownFileType = sourcecode.swift; path = RolCell.swift; sourceTree = "<group>"; };
		FA1ADA5C2A0B0A5F0077B883 /* RolCell.xib */ = {isa = PBXFileReference; lastKnownFileType = file.xib; path = RolCell.xib; sourceTree = "<group>"; };
		FA289FB42A257C7600438183 /* AMaldonadoECommerceVentaTests.xctest */ = {isa = PBXFileReference; explicitFileType = wrapper.cfbundle; includeInIndex = 0; path = AMaldonadoECommerceVentaTests.xctest; sourceTree = BUILT_PRODUCTS_DIR; };
		FA289FB62A257C7600438183 /* AMaldonadoECommerceVentaTests.swift */ = {isa = PBXFileReference; lastKnownFileType = sourcecode.swift; path = AMaldonadoECommerceVentaTests.swift; sourceTree = "<group>"; };
		FA3011632A26CEB80055B04A /* AMaldonadoECommerceVentaUITests.xctest */ = {isa = PBXFileReference; explicitFileType = wrapper.cfbundle; includeInIndex = 0; path = AMaldonadoECommerceVentaUITests.xctest; sourceTree = BUILT_PRODUCTS_DIR; };
		FA3011652A26CEB90055B04A /* AMaldonadoECommerceVentaUITests.swift */ = {isa = PBXFileReference; lastKnownFileType = sourcecode.swift; path = AMaldonadoECommerceVentaUITests.swift; sourceTree = "<group>"; };
		FA3011672A26CEB90055B04A /* AMaldonadoECommerceVentaUITestsLaunchTests.swift */ = {isa = PBXFileReference; lastKnownFileType = sourcecode.swift; path = AMaldonadoECommerceVentaUITestsLaunchTests.swift; sourceTree = "<group>"; };
		FA39F66F2A180DF10034A2A1 /* GoogleService-Info.plist */ = {isa = PBXFileReference; fileEncoding = 4; lastKnownFileType = text.plist.xml; name = "GoogleService-Info.plist"; path = "../GoogleService-Info.plist"; sourceTree = "<group>"; };
		FA3ECD582A2586D600F3DB73 /* SwipeCellKit.framework */ = {isa = PBXFileReference; explicitFileType = wrapper.framework; path = SwipeCellKit.framework; sourceTree = BUILT_PRODUCTS_DIR; };
		FA3ECD5A2A2586FE00F3DB73 /* SwipeCellKit.framework */ = {isa = PBXFileReference; explicitFileType = wrapper.framework; path = SwipeCellKit.framework; sourceTree = BUILT_PRODUCTS_DIR; };
		FA4363372A16D81A008B288B /* AreaViewModel.swift */ = {isa = PBXFileReference; lastKnownFileType = sourcecode.swift; path = AreaViewModel.swift; sourceTree = "<group>"; };
		FA67BF6029FC57C3007F64DA /* DBManager.swift */ = {isa = PBXFileReference; lastKnownFileType = sourcecode.swift; path = DBManager.swift; sourceTree = "<group>"; };
		FA67CCA02A1E77B4008572A5 /* GetDepartamentosController.swift */ = {isa = PBXFileReference; lastKnownFileType = sourcecode.swift; path = GetDepartamentosController.swift; sourceTree = "<group>"; };
		FA67CCA52A1E8D8F008572A5 /* ProductoCollCell.swift */ = {isa = PBXFileReference; lastKnownFileType = sourcecode.swift; path = ProductoCollCell.swift; sourceTree = "<group>"; };
		FA67CCA62A1E8D8F008572A5 /* ProductoCollCell.xib */ = {isa = PBXFileReference; lastKnownFileType = file.xib; path = ProductoCollCell.xib; sourceTree = "<group>"; };
		FA67CCA92A1E9176008572A5 /* GetProductosByDepController.swift */ = {isa = PBXFileReference; lastKnownFileType = sourcecode.swift; path = GetProductosByDepController.swift; sourceTree = "<group>"; };
		FA6C7D282A1D8FDF00714194 /* AreaDepCell.swift */ = {isa = PBXFileReference; lastKnownFileType = sourcecode.swift; path = AreaDepCell.swift; sourceTree = "<group>"; };
		FA6C7D292A1D8FDF00714194 /* AreaDepCell.xib */ = {isa = PBXFileReference; lastKnownFileType = file.xib; path = AreaDepCell.xib; sourceTree = "<group>"; };
		FA6C7D2C2A1D906200714194 /* GetAllAreaController.swift */ = {isa = PBXFileReference; lastKnownFileType = sourcecode.swift; path = GetAllAreaController.swift; sourceTree = "<group>"; };
		FA71E6812A1BFA4700A341C9 /* LoginController.swift */ = {isa = PBXFileReference; lastKnownFileType = sourcecode.swift; path = LoginController.swift; sourceTree = "<group>"; };
		FA71E6832A1C1F7B00A341C9 /* RegisterController.swift */ = {isa = PBXFileReference; lastKnownFileType = sourcecode.swift; path = RegisterController.swift; sourceTree = "<group>"; };
		FA71F49F2A03112A0029D67D /* GetAllUsuariosController.swift */ = {isa = PBXFileReference; lastKnownFileType = sourcecode.swift; path = GetAllUsuariosController.swift; sourceTree = "<group>"; };
		FA71F4A12A0311720029D67D /* UsuarioCell.swift */ = {isa = PBXFileReference; lastKnownFileType = sourcecode.swift; path = UsuarioCell.swift; sourceTree = "<group>"; };
		FA71F4A22A0311720029D67D /* UsuarioCell.xib */ = {isa = PBXFileReference; lastKnownFileType = file.xib; path = UsuarioCell.xib; sourceTree = "<group>"; };
		FA79D67D2A01D18300CD2645 /* Result.swift */ = {isa = PBXFileReference; lastKnownFileType = sourcecode.swift; path = Result.swift; sourceTree = "<group>"; };
		FA8DA7352A153D9000D6D400 /* ProductoController.swift */ = {isa = PBXFileReference; lastKnownFileType = sourcecode.swift; path = ProductoController.swift; sourceTree = "<group>"; };
		FA8DA7372A15615D00D6D400 /* DepartamentoViewModel.swift */ = {isa = PBXFileReference; lastKnownFileType = sourcecode.swift; path = DepartamentoViewModel.swift; sourceTree = "<group>"; };
		FA8DA7392A15671900D6D400 /* ProveedorViewModel.swift */ = {isa = PBXFileReference; lastKnownFileType = sourcecode.swift; path = ProveedorViewModel.swift; sourceTree = "<group>"; };
		FA9379A329FB2D2300B135FB /* AMaldonadoECommerce.app */ = {isa = PBXFileReference; explicitFileType = wrapper.application; includeInIndex = 0; path = AMaldonadoECommerce.app; sourceTree = BUILT_PRODUCTS_DIR; };
		FA9379A629FB2D2300B135FB /* AppDelegate.swift */ = {isa = PBXFileReference; lastKnownFileType = sourcecode.swift; path = AppDelegate.swift; sourceTree = "<group>"; };
		FA9379A829FB2D2300B135FB /* SceneDelegate.swift */ = {isa = PBXFileReference; lastKnownFileType = sourcecode.swift; path = SceneDelegate.swift; sourceTree = "<group>"; };
		FA9379AA29FB2D2300B135FB /* UsuarioController.swift */ = {isa = PBXFileReference; lastKnownFileType = sourcecode.swift; path = UsuarioController.swift; sourceTree = "<group>"; };
		FA9379AD29FB2D2300B135FB /* Base */ = {isa = PBXFileReference; lastKnownFileType = file.storyboard; name = Base; path = Base.lproj/Main.storyboard; sourceTree = "<group>"; };
		FA9379AF29FB2D2400B135FB /* Assets.xcassets */ = {isa = PBXFileReference; lastKnownFileType = folder.assetcatalog; path = Assets.xcassets; sourceTree = "<group>"; };
		FA9379B229FB2D2400B135FB /* Base */ = {isa = PBXFileReference; lastKnownFileType = file.storyboard; name = Base; path = Base.lproj/LaunchScreen.storyboard; sourceTree = "<group>"; };
		FA9379B429FB2D2400B135FB /* Info.plist */ = {isa = PBXFileReference; lastKnownFileType = text.plist.xml; path = Info.plist; sourceTree = "<group>"; };
		FA9BC2FC2A0445A5008A4B79 /* UsuarioViewModel.swift */ = {isa = PBXFileReference; lastKnownFileType = sourcecode.swift; path = UsuarioViewModel.swift; sourceTree = "<group>"; };
		FAA71DCA2A1FE96900B23183 /* AMaldonadoECommerceVenta.app */ = {isa = PBXFileReference; explicitFileType = wrapper.application; includeInIndex = 0; path = AMaldonadoECommerceVenta.app; sourceTree = BUILT_PRODUCTS_DIR; };
		FAA71DCC2A1FE96900B23183 /* AppDelegate.swift */ = {isa = PBXFileReference; lastKnownFileType = sourcecode.swift; path = AppDelegate.swift; sourceTree = "<group>"; };
		FAA71DCE2A1FE96900B23183 /* SceneDelegate.swift */ = {isa = PBXFileReference; lastKnownFileType = sourcecode.swift; path = SceneDelegate.swift; sourceTree = "<group>"; };
		FAA71DD02A1FE96900B23183 /* ViewController.swift */ = {isa = PBXFileReference; lastKnownFileType = sourcecode.swift; path = ViewController.swift; sourceTree = "<group>"; };
		FAA71DD32A1FE96900B23183 /* Base */ = {isa = PBXFileReference; lastKnownFileType = file.storyboard; name = Base; path = Base.lproj/Main.storyboard; sourceTree = "<group>"; };
		FAA71DD52A1FE96A00B23183 /* Assets.xcassets */ = {isa = PBXFileReference; lastKnownFileType = folder.assetcatalog; path = Assets.xcassets; sourceTree = "<group>"; };
		FAA71DD82A1FE96A00B23183 /* Base */ = {isa = PBXFileReference; lastKnownFileType = file.storyboard; name = Base; path = Base.lproj/LaunchScreen.storyboard; sourceTree = "<group>"; };
		FAA71DDA2A1FE96A00B23183 /* Info.plist */ = {isa = PBXFileReference; lastKnownFileType = text.plist.xml; path = Info.plist; sourceTree = "<group>"; };
		FAA71DDE2A1FEB5F00B23183 /* AMaldonadoECommerce.entitlements */ = {isa = PBXFileReference; lastKnownFileType = text.plist.entitlements; path = AMaldonadoECommerce.entitlements; sourceTree = "<group>"; };
		FAA71DDF2A1FEB9F00B23183 /* AMaldonadoECommerceVenta.entitlements */ = {isa = PBXFileReference; lastKnownFileType = text.plist.entitlements; path = AMaldonadoECommerceVenta.entitlements; sourceTree = "<group>"; };
		FAA71DF42A20328100B23183 /* AreaDepCell.swift */ = {isa = PBXFileReference; fileEncoding = 4; lastKnownFileType = sourcecode.swift; path = AreaDepCell.swift; sourceTree = "<group>"; };
		FAA71DF52A20328100B23183 /* AreaDepCell.xib */ = {isa = PBXFileReference; fileEncoding = 4; lastKnownFileType = file.xib; path = AreaDepCell.xib; sourceTree = "<group>"; };
		FAA71DF92A2032CC00B23183 /* ProductoCollCell.xib */ = {isa = PBXFileReference; fileEncoding = 4; lastKnownFileType = file.xib; name = ProductoCollCell.xib; path = AMaldonadoECommerce/View/Cell/Producto/Collection/ProductoCollCell.xib; sourceTree = SOURCE_ROOT; };
		FAA71DFA2A2032CC00B23183 /* ProductoCollCell.swift */ = {isa = PBXFileReference; fileEncoding = 4; lastKnownFileType = sourcecode.swift; name = ProductoCollCell.swift; path = AMaldonadoECommerce/View/Cell/Producto/Collection/ProductoCollCell.swift; sourceTree = SOURCE_ROOT; };
		FAA71DFD2A20330300B23183 /* LoginController.swift */ = {isa = PBXFileReference; lastKnownFileType = sourcecode.swift; path = LoginController.swift; sourceTree = "<group>"; };
		FAA71E192A20380E00B23183 /* GetAllAreaController.swift */ = {isa = PBXFileReference; fileEncoding = 4; lastKnownFileType = sourcecode.swift; path = GetAllAreaController.swift; sourceTree = "<group>"; };
		FAA71E1B2A20387400B23183 /* GetDepartamentosController.swift */ = {isa = PBXFileReference; fileEncoding = 4; lastKnownFileType = sourcecode.swift; path = GetDepartamentosController.swift; sourceTree = "<group>"; };
		FAA71E1D2A2038DA00B23183 /* GetProductosByDepController.swift */ = {isa = PBXFileReference; fileEncoding = 4; lastKnownFileType = sourcecode.swift; path = GetProductosByDepController.swift; sourceTree = "<group>"; };
		FAAAA82C2A250A8A00576FED /* SwipeCellKit.framework */ = {isa = PBXFileReference; explicitFileType = wrapper.framework; path = SwipeCellKit.framework; sourceTree = BUILT_PRODUCTS_DIR; };
		FABA64AC2A1410A300E4C14E /* Area.swift */ = {isa = PBXFileReference; lastKnownFileType = sourcecode.swift; path = Area.swift; sourceTree = "<group>"; };
		FABA64AE2A1410B500E4C14E /* Departamento.swift */ = {isa = PBXFileReference; lastKnownFileType = sourcecode.swift; path = Departamento.swift; sourceTree = "<group>"; };
		FABA64B02A1410C600E4C14E /* Proveedor.swift */ = {isa = PBXFileReference; lastKnownFileType = sourcecode.swift; path = Proveedor.swift; sourceTree = "<group>"; };
		FABA64B22A1410D100E4C14E /* Producto.swift */ = {isa = PBXFileReference; lastKnownFileType = sourcecode.swift; path = Producto.swift; sourceTree = "<group>"; };
		FABA64B42A14126200E4C14E /* ProductoViewModel.swift */ = {isa = PBXFileReference; lastKnownFileType = sourcecode.swift; path = ProductoViewModel.swift; sourceTree = "<group>"; };
		FABA64B82A14248700E4C14E /* ProductoCell.swift */ = {isa = PBXFileReference; lastKnownFileType = sourcecode.swift; path = ProductoCell.swift; sourceTree = "<group>"; };
		FABA64B92A14248700E4C14E /* ProductoCell.xib */ = {isa = PBXFileReference; lastKnownFileType = file.xib; path = ProductoCell.xib; sourceTree = "<group>"; };
		FABA64BC2A1455A900E4C14E /* GetAllProductosController.swift */ = {isa = PBXFileReference; lastKnownFileType = sourcecode.swift; path = GetAllProductosController.swift; sourceTree = "<group>"; };
		FAE0943A2A2142620060354B /* CarritoViewModel.swift */ = {isa = PBXFileReference; lastKnownFileType = sourcecode.swift; path = CarritoViewModel.swift; sourceTree = "<group>"; };
		FAE0943D2A21442C0060354B /* AMaldonadoECommerce.xcdatamodel */ = {isa = PBXFileReference; lastKnownFileType = wrapper.xcdatamodel; path = AMaldonadoECommerce.xcdatamodel; sourceTree = "<group>"; };
		FAE0943F2A214B320060354B /* Carrito.swift */ = {isa = PBXFileReference; lastKnownFileType = sourcecode.swift; path = Carrito.swift; sourceTree = "<group>"; };
		FAE094412A214C960060354B /* RegisterController.swift */ = {isa = PBXFileReference; lastKnownFileType = sourcecode.swift; path = RegisterController.swift; sourceTree = "<group>"; };
		FAE094442A214F5F0060354B /* CarritoController.swift */ = {isa = PBXFileReference; lastKnownFileType = sourcecode.swift; path = CarritoController.swift; sourceTree = "<group>"; };
		FAE094472A2152120060354B /* CarritoCell.swift */ = {isa = PBXFileReference; lastKnownFileType = sourcecode.swift; path = CarritoCell.swift; sourceTree = "<group>"; };
		FAE094482A2152120060354B /* CarritoCell.xib */ = {isa = PBXFileReference; lastKnownFileType = file.xib; path = CarritoCell.xib; sourceTree = "<group>"; };
/* End PBXFileReference section */

/* Begin PBXFrameworksBuildPhase section */
		FA289FB12A257C7600438183 /* Frameworks */ = {
			isa = PBXFrameworksBuildPhase;
			buildActionMask = 2147483647;
			files = (
				FA8240F62A2683E400C9DDDD /* FirebaseAuth in Frameworks */,
				FA8240F82A2683E400C9DDDD /* FirebaseCrashlytics in Frameworks */,
				FA8240FA2A2683E400C9DDDD /* FirebaseStorage in Frameworks */,
			);
			runOnlyForDeploymentPostprocessing = 0;
		};
		FA3011602A26CEB80055B04A /* Frameworks */ = {
			isa = PBXFrameworksBuildPhase;
			buildActionMask = 2147483647;
			files = (
			);
			runOnlyForDeploymentPostprocessing = 0;
		};
		FA9379A029FB2D2300B135FB /* Frameworks */ = {
			isa = PBXFrameworksBuildPhase;
			buildActionMask = 2147483647;
			files = (
				FA39F6752A180EF20034A2A1 /* FirebaseCrashlytics in Frameworks */,
				FA39F6772A180EF20034A2A1 /* FirebaseStorage in Frameworks */,
				7C864BC7B29DAE732087A2F7 /* Pods_AMaldonadoECommerce.framework in Frameworks */,
				FA39F6732A180EF20034A2A1 /* FirebaseAuth in Frameworks */,
			);
			runOnlyForDeploymentPostprocessing = 0;
		};
		FAA71DC72A1FE96900B23183 /* Frameworks */ = {
			isa = PBXFrameworksBuildPhase;
			buildActionMask = 2147483647;
			files = (
				FA8240F22A2682FE00C9DDDD /* FirebaseCrashlytics in Frameworks */,
				FA8240F42A2682FE00C9DDDD /* FirebaseStorage in Frameworks */,
				9663A7BA261AADB3DAB5CB39 /* Pods_AMaldonadoECommerceVenta.framework in Frameworks */,
				FA8240F02A2682FE00C9DDDD /* FirebaseAuth in Frameworks */,
			);
			runOnlyForDeploymentPostprocessing = 0;
		};
/* End PBXFrameworksBuildPhase section */

/* Begin PBXGroup section */
		5BE5955DAB0D95BBE9ECE7CC /* Frameworks */ = {
			isa = PBXGroup;
			children = (
				FA3ECD5A2A2586FE00F3DB73 /* SwipeCellKit.framework */,
				FA3ECD582A2586D600F3DB73 /* SwipeCellKit.framework */,
				FAAAA82C2A250A8A00576FED /* SwipeCellKit.framework */,
				E594F967522DFE6335B40369 /* Pods_AMaldonadoECommerce.framework */,
				BB01727CF9EF3A02FABCD820 /* Pods_AMaldonadoECommerceVenta.framework */,
			);
			name = Frameworks;
			sourceTree = "<group>";
		};
		8AD23A0256F7B2D5ACAF32F2 /* Pods */ = {
			isa = PBXGroup;
			children = (
				328A16C1D62642763DD0ABA6 /* Pods-AMaldonadoECommerce.debug.xcconfig */,
				432D98BE62759632D24CE027 /* Pods-AMaldonadoECommerce.release.xcconfig */,
				A93BAC17FC536F8895C889E4 /* Pods-AMaldonadoECommerceVenta.debug.xcconfig */,
				2625F444921D13A3F7D62AF9 /* Pods-AMaldonadoECommerceVenta.release.xcconfig */,
			);
			path = Pods;
			sourceTree = "<group>";
		};
		FA1ADA472A0AF2920077B883 /* Usuario */ = {
			isa = PBXGroup;
			children = (
				FA9379AA29FB2D2300B135FB /* UsuarioController.swift */,
				FA71F49F2A03112A0029D67D /* GetAllUsuariosController.swift */,
				FA71E6812A1BFA4700A341C9 /* LoginController.swift */,
				FA71E6832A1C1F7B00A341C9 /* RegisterController.swift */,
			);
			path = Usuario;
			sourceTree = "<group>";
		};
		FA1ADA482A0AF2AD0077B883 /* Rol */ = {
			isa = PBXGroup;
			children = (
				FA1ADA4F2A0AF4BD0077B883 /* RolController.swift */,
				FA1ADA512A0AF66F0077B883 /* GetAllRolesController.swift */,
			);
			path = Rol;
			sourceTree = "<group>";
		};
		FA1ADA572A0B09D10077B883 /* Usuario */ = {
			isa = PBXGroup;
			children = (
				FA71F4A12A0311720029D67D /* UsuarioCell.swift */,
				FA71F4A22A0311720029D67D /* UsuarioCell.xib */,
			);
			path = Usuario;
			sourceTree = "<group>";
		};
		FA1ADA582A0B09E40077B883 /* Rol */ = {
			isa = PBXGroup;
			children = (
				FA1ADA5B2A0B0A5F0077B883 /* RolCell.swift */,
				FA1ADA5C2A0B0A5F0077B883 /* RolCell.xib */,
			);
			path = Rol;
			sourceTree = "<group>";
		};
		FA289FB52A257C7600438183 /* AMaldonadoECommerceVentaTests */ = {
			isa = PBXGroup;
			children = (
				FA289FB62A257C7600438183 /* AMaldonadoECommerceVentaTests.swift */,
			);
			path = AMaldonadoECommerceVentaTests;
			sourceTree = "<group>";
		};
		FA3011642A26CEB90055B04A /* AMaldonadoECommerceVentaUITests */ = {
			isa = PBXGroup;
			children = (
				FA3011652A26CEB90055B04A /* AMaldonadoECommerceVentaUITests.swift */,
				FA3011672A26CEB90055B04A /* AMaldonadoECommerceVentaUITestsLaunchTests.swift */,
			);
			path = AMaldonadoECommerceVentaUITests;
			sourceTree = "<group>";
		};
		FA67CC9F2A1E778E008572A5 /* Departamento */ = {
			isa = PBXGroup;
			children = (
				FA67CCA02A1E77B4008572A5 /* GetDepartamentosController.swift */,
			);
			path = Departamento;
			sourceTree = "<group>";
		};
		FA67CCA22A1E8D3B008572A5 /* List */ = {
			isa = PBXGroup;
			children = (
				FABA64B82A14248700E4C14E /* ProductoCell.swift */,
				FABA64B92A14248700E4C14E /* ProductoCell.xib */,
			);
			path = List;
			sourceTree = "<group>";
		};
		FA67CCA42A1E8D57008572A5 /* Collection */ = {
			isa = PBXGroup;
			children = (
				FA67CCA52A1E8D8F008572A5 /* ProductoCollCell.swift */,
				FA67CCA62A1E8D8F008572A5 /* ProductoCollCell.xib */,
			);
			path = Collection;
			sourceTree = "<group>";
		};
		FA6C7D202A1D45AA00714194 /* AreaDep */ = {
			isa = PBXGroup;
			children = (
				FA6C7D282A1D8FDF00714194 /* AreaDepCell.swift */,
				FA6C7D292A1D8FDF00714194 /* AreaDepCell.xib */,
			);
			path = AreaDep;
			sourceTree = "<group>";
		};
		FA6C7D252A1D4B0400714194 /* Area */ = {
			isa = PBXGroup;
			children = (
				FA6C7D2C2A1D906200714194 /* GetAllAreaController.swift */,
			);
			path = Area;
			sourceTree = "<group>";
		};
		FA93799A29FB2D2300B135FB = {
			isa = PBXGroup;
			children = (
				FA9379A529FB2D2300B135FB /* AMaldonadoECommerce */,
				FAA71DCB2A1FE96900B23183 /* AMaldonadoECommerceVenta */,
				FA289FB52A257C7600438183 /* AMaldonadoECommerceVentaTests */,
				FA3011642A26CEB90055B04A /* AMaldonadoECommerceVentaUITests */,
				FA9379A429FB2D2300B135FB /* Products */,
				8AD23A0256F7B2D5ACAF32F2 /* Pods */,
				5BE5955DAB0D95BBE9ECE7CC /* Frameworks */,
			);
			sourceTree = "<group>";
		};
		FA9379A429FB2D2300B135FB /* Products */ = {
			isa = PBXGroup;
			children = (
				FA9379A329FB2D2300B135FB /* AMaldonadoECommerce.app */,
				FAA71DCA2A1FE96900B23183 /* AMaldonadoECommerceVenta.app */,
				FA289FB42A257C7600438183 /* AMaldonadoECommerceVentaTests.xctest */,
				FA3011632A26CEB80055B04A /* AMaldonadoECommerceVentaUITests.xctest */,
			);
			name = Products;
			sourceTree = "<group>";
		};
		FA9379A529FB2D2300B135FB /* AMaldonadoECommerce */ = {
			isa = PBXGroup;
			children = (
				FAA71DDE2A1FEB5F00B23183 /* AMaldonadoECommerce.entitlements */,
				FA9BC2FB2A044572008A4B79 /* Util */,
				FA9BC2F92A044518008A4B79 /* Controller */,
				FA9BC2F82A04450F008A4B79 /* ViewModel */,
				FA9BC2F72A044505008A4B79 /* View */,
				FA9BC2F62A0444F4008A4B79 /* Model */,
				FA9379A629FB2D2300B135FB /* AppDelegate.swift */,
				FA9379A829FB2D2300B135FB /* SceneDelegate.swift */,
				FA9379AF29FB2D2400B135FB /* Assets.xcassets */,
				FA39F66F2A180DF10034A2A1 /* GoogleService-Info.plist */,
				FA9379B429FB2D2400B135FB /* Info.plist */,
			);
			path = AMaldonadoECommerce;
			sourceTree = "<group>";
		};
		FA9BC2F62A0444F4008A4B79 /* Model */ = {
			isa = PBXGroup;
			children = (
				FA79D67D2A01D18300CD2645 /* Result.swift */,
				FA092F5429FC808B00F8E423 /* Usuario.swift */,
				FA1ADA552A0AFBF40077B883 /* Rol.swift */,
				FABA64AC2A1410A300E4C14E /* Area.swift */,
				FABA64AE2A1410B500E4C14E /* Departamento.swift */,
				FABA64B02A1410C600E4C14E /* Proveedor.swift */,
				FABA64B22A1410D100E4C14E /* Producto.swift */,
			);
			path = Model;
			sourceTree = "<group>";
		};
		FA9BC2F72A044505008A4B79 /* View */ = {
			isa = PBXGroup;
			children = (
				FA9BC2FA2A04455C008A4B79 /* Cell */,
				FA9379AC29FB2D2300B135FB /* Main.storyboard */,
				FA9379B129FB2D2400B135FB /* LaunchScreen.storyboard */,
			);
			path = View;
			sourceTree = "<group>";
		};
		FA9BC2F82A04450F008A4B79 /* ViewModel */ = {
			isa = PBXGroup;
			children = (
				FA9BC2FC2A0445A5008A4B79 /* UsuarioViewModel.swift */,
				FA1ADA532A0AFB6A0077B883 /* RolViewModel.swift */,
				FABA64B42A14126200E4C14E /* ProductoViewModel.swift */,
				FA8DA7372A15615D00D6D400 /* DepartamentoViewModel.swift */,
				FA8DA7392A15671900D6D400 /* ProveedorViewModel.swift */,
				FA4363372A16D81A008B288B /* AreaViewModel.swift */,
			);
			path = ViewModel;
			sourceTree = "<group>";
		};
		FA9BC2F92A044518008A4B79 /* Controller */ = {
			isa = PBXGroup;
			children = (
				FA67CC9F2A1E778E008572A5 /* Departamento */,
				FA6C7D252A1D4B0400714194 /* Area */,
				FABA64B62A14231D00E4C14E /* Producto */,
				FA1ADA482A0AF2AD0077B883 /* Rol */,
				FA1ADA472A0AF2920077B883 /* Usuario */,
			);
			path = Controller;
			sourceTree = "<group>";
		};
		FA9BC2FA2A04455C008A4B79 /* Cell */ = {
			isa = PBXGroup;
			children = (
				FA6C7D202A1D45AA00714194 /* AreaDep */,
				FABA64B72A14246000E4C14E /* Producto */,
				FA1ADA582A0B09E40077B883 /* Rol */,
				FA1ADA572A0B09D10077B883 /* Usuario */,
			);
			path = Cell;
			sourceTree = "<group>";
		};
		FA9BC2FB2A044572008A4B79 /* Util */ = {
			isa = PBXGroup;
			children = (
				FA67BF6029FC57C3007F64DA /* DBManager.swift */,
			);
			path = Util;
			sourceTree = "<group>";
		};
		FAA71DCB2A1FE96900B23183 /* AMaldonadoECommerceVenta */ = {
			isa = PBXGroup;
			children = (
				FAE0943C2A21442C0060354B /* AMaldonadoECommerce.xcdatamodeld */,
				FAE094392A2142400060354B /* Model */,
				FAE094382A2142350060354B /* ViewModel */,
				FAA71DE12A202F8F00B23183 /* Controller */,
				FAA71DE02A202F6E00B23183 /* View */,
				FAA71DDF2A1FEB9F00B23183 /* AMaldonadoECommerceVenta.entitlements */,
				FAA71DCC2A1FE96900B23183 /* AppDelegate.swift */,
				FAA71DCE2A1FE96900B23183 /* SceneDelegate.swift */,
				FAA71DD02A1FE96900B23183 /* ViewController.swift */,
				FAA71DD52A1FE96A00B23183 /* Assets.xcassets */,
				FAA71DDA2A1FE96A00B23183 /* Info.plist */,
			);
			path = AMaldonadoECommerceVenta;
			sourceTree = "<group>";
		};
		FAA71DE02A202F6E00B23183 /* View */ = {
			isa = PBXGroup;
			children = (
				FAE094462A2151300060354B /* Carrito */,
				FAA71DF82A2032A000B23183 /* Producto */,
				FAA71DF22A2031A500B23183 /* AreaDep */,
				FAA71DD22A1FE96900B23183 /* Main.storyboard */,
				FAA71DD72A1FE96A00B23183 /* LaunchScreen.storyboard */,
			);
			path = View;
			sourceTree = "<group>";
		};
		FAA71DE12A202F8F00B23183 /* Controller */ = {
			isa = PBXGroup;
			children = (
				FAE094432A214F360060354B /* Carrito */,
				FAA71E122A2036A500B23183 /* Producto */,
				FAA71E0F2A20369400B23183 /* Departamento */,
				FAA71E0C2A20365000B23183 /* Area */,
				FAA71DE32A202FE300B23183 /* Usuario */,
			);
			path = Controller;
			sourceTree = "<group>";
		};
		FAA71DE32A202FE300B23183 /* Usuario */ = {
			isa = PBXGroup;
			children = (
				FAA71DFD2A20330300B23183 /* LoginController.swift */,
				FAE094412A214C960060354B /* RegisterController.swift */,
			);
			path = Usuario;
			sourceTree = "<group>";
		};
		FAA71DF22A2031A500B23183 /* AreaDep */ = {
			isa = PBXGroup;
			children = (
				FAA71DF42A20328100B23183 /* AreaDepCell.swift */,
				FAA71DF52A20328100B23183 /* AreaDepCell.xib */,
			);
			path = AreaDep;
			sourceTree = "<group>";
		};
		FAA71DF82A2032A000B23183 /* Producto */ = {
			isa = PBXGroup;
			children = (
				FAA71DFA2A2032CC00B23183 /* ProductoCollCell.swift */,
				FAA71DF92A2032CC00B23183 /* ProductoCollCell.xib */,
			);
			path = Producto;
			sourceTree = "<group>";
		};
		FAA71E0C2A20365000B23183 /* Area */ = {
			isa = PBXGroup;
			children = (
				FAA71E192A20380E00B23183 /* GetAllAreaController.swift */,
			);
			path = Area;
			sourceTree = "<group>";
		};
		FAA71E0F2A20369400B23183 /* Departamento */ = {
			isa = PBXGroup;
			children = (
				FAA71E1B2A20387400B23183 /* GetDepartamentosController.swift */,
			);
			path = Departamento;
			sourceTree = "<group>";
		};
		FAA71E122A2036A500B23183 /* Producto */ = {
			isa = PBXGroup;
			children = (
				FAA71E1D2A2038DA00B23183 /* GetProductosByDepController.swift */,
			);
			path = Producto;
			sourceTree = "<group>";
		};
		FABA64B62A14231D00E4C14E /* Producto */ = {
			isa = PBXGroup;
			children = (
				FABA64BC2A1455A900E4C14E /* GetAllProductosController.swift */,
				FA8DA7352A153D9000D6D400 /* ProductoController.swift */,
				FA67CCA92A1E9176008572A5 /* GetProductosByDepController.swift */,
			);
			path = Producto;
			sourceTree = "<group>";
		};
		FABA64B72A14246000E4C14E /* Producto */ = {
			isa = PBXGroup;
			children = (
				FA67CCA42A1E8D57008572A5 /* Collection */,
				FA67CCA22A1E8D3B008572A5 /* List */,
			);
			path = Producto;
			sourceTree = "<group>";
		};
		FAE094382A2142350060354B /* ViewModel */ = {
			isa = PBXGroup;
			children = (
				FAE0943A2A2142620060354B /* CarritoViewModel.swift */,
			);
			path = ViewModel;
			sourceTree = "<group>";
		};
		FAE094392A2142400060354B /* Model */ = {
			isa = PBXGroup;
			children = (
				FAE0943F2A214B320060354B /* Carrito.swift */,
			);
			path = Model;
			sourceTree = "<group>";
		};
		FAE094432A214F360060354B /* Carrito */ = {
			isa = PBXGroup;
			children = (
				FAE094442A214F5F0060354B /* CarritoController.swift */,
			);
			path = Carrito;
			sourceTree = "<group>";
		};
		FAE094462A2151300060354B /* Carrito */ = {
			isa = PBXGroup;
			children = (
				FAE094472A2152120060354B /* CarritoCell.swift */,
				FAE094482A2152120060354B /* CarritoCell.xib */,
			);
			path = Carrito;
			sourceTree = "<group>";
		};
/* End PBXGroup section */

/* Begin PBXNativeTarget section */
		FA289FB32A257C7600438183 /* AMaldonadoECommerceVentaTests */ = {
			isa = PBXNativeTarget;
			buildConfigurationList = FA289FBC2A257C7600438183 /* Build configuration list for PBXNativeTarget "AMaldonadoECommerceVentaTests" */;
			buildPhases = (
				FA289FB02A257C7600438183 /* Sources */,
				FA289FB12A257C7600438183 /* Frameworks */,
				FA289FB22A257C7600438183 /* Resources */,
			);
			buildRules = (
			);
			dependencies = (
				FA8240FC2A26848900C9DDDD /* PBXTargetDependency */,
				FA289FB92A257C7600438183 /* PBXTargetDependency */,
			);
			name = AMaldonadoECommerceVentaTests;
			packageProductDependencies = (
				FA8240F52A2683E400C9DDDD /* FirebaseAuth */,
				FA8240F72A2683E400C9DDDD /* FirebaseCrashlytics */,
				FA8240F92A2683E400C9DDDD /* FirebaseStorage */,
			);
			productName = AMaldonadoECommerceVentaTests;
			productReference = FA289FB42A257C7600438183 /* AMaldonadoECommerceVentaTests.xctest */;
			productType = "com.apple.product-type.bundle.unit-test";
		};
		FA3011622A26CEB80055B04A /* AMaldonadoECommerceVentaUITests */ = {
			isa = PBXNativeTarget;
			buildConfigurationList = FA30116D2A26CEB90055B04A /* Build configuration list for PBXNativeTarget "AMaldonadoECommerceVentaUITests" */;
			buildPhases = (
				FA30115F2A26CEB80055B04A /* Sources */,
				FA3011602A26CEB80055B04A /* Frameworks */,
				FA3011612A26CEB80055B04A /* Resources */,
			);
			buildRules = (
			);
			dependencies = (
				FA30116A2A26CEB90055B04A /* PBXTargetDependency */,
			);
			name = AMaldonadoECommerceVentaUITests;
			productName = AMaldonadoECommerceVentaUITests;
			productReference = FA3011632A26CEB80055B04A /* AMaldonadoECommerceVentaUITests.xctest */;
			productType = "com.apple.product-type.bundle.ui-testing";
		};
		FA9379A229FB2D2300B135FB /* AMaldonadoECommerce */ = {
			isa = PBXNativeTarget;
			buildConfigurationList = FA9379B729FB2D2400B135FB /* Build configuration list for PBXNativeTarget "AMaldonadoECommerce" */;
			buildPhases = (
				10087DF2E917CF1B52720C9B /* [CP] Check Pods Manifest.lock */,
				FA93799F29FB2D2300B135FB /* Sources */,
				FA9379A029FB2D2300B135FB /* Frameworks */,
				FA9379A129FB2D2300B135FB /* Resources */,
				E0667326A044EBE645A02D4D /* [CP] Embed Pods Frameworks */,
			);
			buildRules = (
			);
			dependencies = (
			);
			name = AMaldonadoECommerce;
			packageProductDependencies = (
				FA39F6722A180EF20034A2A1 /* FirebaseAuth */,
				FA39F6742A180EF20034A2A1 /* FirebaseCrashlytics */,
				FA39F6762A180EF20034A2A1 /* FirebaseStorage */,
			);
			productName = AMaldonadoECommerce;
			productReference = FA9379A329FB2D2300B135FB /* AMaldonadoECommerce.app */;
			productType = "com.apple.product-type.application";
		};
		FAA71DC92A1FE96900B23183 /* AMaldonadoECommerceVenta */ = {
			isa = PBXNativeTarget;
			buildConfigurationList = FAA71DDB2A1FE96A00B23183 /* Build configuration list for PBXNativeTarget "AMaldonadoECommerceVenta" */;
			buildPhases = (
				AA05E3CD27A832301504E92A /* [CP] Check Pods Manifest.lock */,
				FAA71DC62A1FE96900B23183 /* Sources */,
				FAA71DC72A1FE96900B23183 /* Frameworks */,
				FAA71DC82A1FE96900B23183 /* Resources */,
				7E36A1386AB2F2767ADF8A8B /* [CP] Embed Pods Frameworks */,
			);
			buildRules = (
			);
			dependencies = (
			);
			name = AMaldonadoECommerceVenta;
			packageProductDependencies = (
				FA8240EF2A2682FE00C9DDDD /* FirebaseAuth */,
				FA8240F12A2682FE00C9DDDD /* FirebaseCrashlytics */,
				FA8240F32A2682FE00C9DDDD /* FirebaseStorage */,
			);
			productName = AMaldonadoECommerceVenta;
			productReference = FAA71DCA2A1FE96900B23183 /* AMaldonadoECommerceVenta.app */;
			productType = "com.apple.product-type.application";
		};
/* End PBXNativeTarget section */

/* Begin PBXProject section */
		FA93799B29FB2D2300B135FB /* Project object */ = {
			isa = PBXProject;
			attributes = {
				BuildIndependentTargetsInParallel = 1;
				LastSwiftUpdateCheck = 1430;
				LastUpgradeCheck = 1430;
				TargetAttributes = {
					FA289FB32A257C7600438183 = {
						CreatedOnToolsVersion = 14.3;
						TestTargetID = FAA71DC92A1FE96900B23183;
					};
					FA3011622A26CEB80055B04A = {
						CreatedOnToolsVersion = 14.3;
						TestTargetID = FAA71DC92A1FE96900B23183;
					};
					FA9379A229FB2D2300B135FB = {
						CreatedOnToolsVersion = 14.3;
					};
					FAA71DC92A1FE96900B23183 = {
						CreatedOnToolsVersion = 14.3;
					};
				};
			};
			buildConfigurationList = FA93799E29FB2D2300B135FB /* Build configuration list for PBXProject "AMaldonadoECommerce" */;
			compatibilityVersion = "Xcode 14.0";
			developmentRegion = en;
			hasScannedForEncodings = 0;
			knownRegions = (
				en,
				Base,
			);
			mainGroup = FA93799A29FB2D2300B135FB;
			packageReferences = (
				FA39F6712A180EF20034A2A1 /* XCRemoteSwiftPackageReference "firebase-ios-sdk" */,
			);
			productRefGroup = FA9379A429FB2D2300B135FB /* Products */;
			projectDirPath = "";
			projectRoot = "";
			targets = (
				FA9379A229FB2D2300B135FB /* AMaldonadoECommerce */,
				FAA71DC92A1FE96900B23183 /* AMaldonadoECommerceVenta */,
				FA289FB32A257C7600438183 /* AMaldonadoECommerceVentaTests */,
				FA3011622A26CEB80055B04A /* AMaldonadoECommerceVentaUITests */,
			);
		};
/* End PBXProject section */

/* Begin PBXResourcesBuildPhase section */
		FA289FB22A257C7600438183 /* Resources */ = {
			isa = PBXResourcesBuildPhase;
			buildActionMask = 2147483647;
			files = (
			);
			runOnlyForDeploymentPostprocessing = 0;
		};
		FA3011612A26CEB80055B04A /* Resources */ = {
			isa = PBXResourcesBuildPhase;
			buildActionMask = 2147483647;
			files = (
			);
			runOnlyForDeploymentPostprocessing = 0;
		};
		FA9379A129FB2D2300B135FB /* Resources */ = {
			isa = PBXResourcesBuildPhase;
			buildActionMask = 2147483647;
			files = (
				FA71F4A42A0311720029D67D /* UsuarioCell.xib in Resources */,
				FA9379B329FB2D2400B135FB /* LaunchScreen.storyboard in Resources */,
				FA6C7D2B2A1D8FDF00714194 /* AreaDepCell.xib in Resources */,
				FA9379B029FB2D2400B135FB /* Assets.xcassets in Resources */,
				FA1ADA5E2A0B0A5F0077B883 /* RolCell.xib in Resources */,
				FA9379AE29FB2D2300B135FB /* Main.storyboard in Resources */,
				FA67CCA82A1E8D8F008572A5 /* ProductoCollCell.xib in Resources */,
				FABA64BB2A14248700E4C14E /* ProductoCell.xib in Resources */,
				FA39F6702A180DF10034A2A1 /* GoogleService-Info.plist in Resources */,
			);
			runOnlyForDeploymentPostprocessing = 0;
		};
		FAA71DC82A1FE96900B23183 /* Resources */ = {
			isa = PBXResourcesBuildPhase;
			buildActionMask = 2147483647;
			files = (
				FAE0944A2A2152120060354B /* CarritoCell.xib in Resources */,
				FAA71E0B2A2035BE00B23183 /* GoogleService-Info.plist in Resources */,
				FAA71DFB2A2032CC00B23183 /* ProductoCollCell.xib in Resources */,
				FAA71DD92A1FE96A00B23183 /* LaunchScreen.storyboard in Resources */,
				FAA71DD62A1FE96A00B23183 /* Assets.xcassets in Resources */,
				FAA71DF72A20328200B23183 /* AreaDepCell.xib in Resources */,
				FAA71DD42A1FE96900B23183 /* Main.storyboard in Resources */,
			);
			runOnlyForDeploymentPostprocessing = 0;
		};
/* End PBXResourcesBuildPhase section */

/* Begin PBXShellScriptBuildPhase section */
		10087DF2E917CF1B52720C9B /* [CP] Check Pods Manifest.lock */ = {
			isa = PBXShellScriptBuildPhase;
			buildActionMask = 2147483647;
			files = (
			);
			inputFileListPaths = (
			);
			inputPaths = (
				"${PODS_PODFILE_DIR_PATH}/Podfile.lock",
				"${PODS_ROOT}/Manifest.lock",
			);
			name = "[CP] Check Pods Manifest.lock";
			outputFileListPaths = (
			);
			outputPaths = (
				"$(DERIVED_FILE_DIR)/Pods-AMaldonadoECommerce-checkManifestLockResult.txt",
			);
			runOnlyForDeploymentPostprocessing = 0;
			shellPath = /bin/sh;
			shellScript = "diff \"${PODS_PODFILE_DIR_PATH}/Podfile.lock\" \"${PODS_ROOT}/Manifest.lock\" > /dev/null\nif [ $? != 0 ] ; then\n    # print error to STDERR\n    echo \"error: The sandbox is not in sync with the Podfile.lock. Run 'pod install' or update your CocoaPods installation.\" >&2\n    exit 1\nfi\n# This output is used by Xcode 'outputs' to avoid re-running this script phase.\necho \"SUCCESS\" > \"${SCRIPT_OUTPUT_FILE_0}\"\n";
			showEnvVarsInLog = 0;
		};
		7E36A1386AB2F2767ADF8A8B /* [CP] Embed Pods Frameworks */ = {
			isa = PBXShellScriptBuildPhase;
			buildActionMask = 2147483647;
			files = (
			);
			inputFileListPaths = (
				"${PODS_ROOT}/Target Support Files/Pods-AMaldonadoECommerceVenta/Pods-AMaldonadoECommerceVenta-frameworks-${CONFIGURATION}-input-files.xcfilelist",
			);
			name = "[CP] Embed Pods Frameworks";
			outputFileListPaths = (
				"${PODS_ROOT}/Target Support Files/Pods-AMaldonadoECommerceVenta/Pods-AMaldonadoECommerceVenta-frameworks-${CONFIGURATION}-output-files.xcfilelist",
			);
			runOnlyForDeploymentPostprocessing = 0;
			shellPath = /bin/sh;
			shellScript = "\"${PODS_ROOT}/Target Support Files/Pods-AMaldonadoECommerceVenta/Pods-AMaldonadoECommerceVenta-frameworks.sh\"\n";
			showEnvVarsInLog = 0;
		};
		AA05E3CD27A832301504E92A /* [CP] Check Pods Manifest.lock */ = {
			isa = PBXShellScriptBuildPhase;
			buildActionMask = 2147483647;
			files = (
			);
			inputFileListPaths = (
			);
			inputPaths = (
				"${PODS_PODFILE_DIR_PATH}/Podfile.lock",
				"${PODS_ROOT}/Manifest.lock",
			);
			name = "[CP] Check Pods Manifest.lock";
			outputFileListPaths = (
			);
			outputPaths = (
				"$(DERIVED_FILE_DIR)/Pods-AMaldonadoECommerceVenta-checkManifestLockResult.txt",
			);
			runOnlyForDeploymentPostprocessing = 0;
			shellPath = /bin/sh;
			shellScript = "diff \"${PODS_PODFILE_DIR_PATH}/Podfile.lock\" \"${PODS_ROOT}/Manifest.lock\" > /dev/null\nif [ $? != 0 ] ; then\n    # print error to STDERR\n    echo \"error: The sandbox is not in sync with the Podfile.lock. Run 'pod install' or update your CocoaPods installation.\" >&2\n    exit 1\nfi\n# This output is used by Xcode 'outputs' to avoid re-running this script phase.\necho \"SUCCESS\" > \"${SCRIPT_OUTPUT_FILE_0}\"\n";
			showEnvVarsInLog = 0;
		};
		E0667326A044EBE645A02D4D /* [CP] Embed Pods Frameworks */ = {
			isa = PBXShellScriptBuildPhase;
			buildActionMask = 2147483647;
			files = (
			);
			inputFileListPaths = (
				"${PODS_ROOT}/Target Support Files/Pods-AMaldonadoECommerce/Pods-AMaldonadoECommerce-frameworks-${CONFIGURATION}-input-files.xcfilelist",
			);
			name = "[CP] Embed Pods Frameworks";
			outputFileListPaths = (
				"${PODS_ROOT}/Target Support Files/Pods-AMaldonadoECommerce/Pods-AMaldonadoECommerce-frameworks-${CONFIGURATION}-output-files.xcfilelist",
			);
			runOnlyForDeploymentPostprocessing = 0;
			shellPath = /bin/sh;
			shellScript = "\"${PODS_ROOT}/Target Support Files/Pods-AMaldonadoECommerce/Pods-AMaldonadoECommerce-frameworks.sh\"\n";
			showEnvVarsInLog = 0;
		};
/* End PBXShellScriptBuildPhase section */

/* Begin PBXSourcesBuildPhase section */
		FA289FB02A257C7600438183 /* Sources */ = {
			isa = PBXSourcesBuildPhase;
			buildActionMask = 2147483647;
			files = (
				FA289FB72A257C7600438183 /* AMaldonadoECommerceVentaTests.swift in Sources */,
			);
			runOnlyForDeploymentPostprocessing = 0;
		};
		FA30115F2A26CEB80055B04A /* Sources */ = {
			isa = PBXSourcesBuildPhase;
			buildActionMask = 2147483647;
			files = (
				FA3011682A26CEB90055B04A /* AMaldonadoECommerceVentaUITestsLaunchTests.swift in Sources */,
				FA3011662A26CEB90055B04A /* AMaldonadoECommerceVentaUITests.swift in Sources */,
			);
			runOnlyForDeploymentPostprocessing = 0;
		};
		FA93799F29FB2D2300B135FB /* Sources */ = {
			isa = PBXSourcesBuildPhase;
			buildActionMask = 2147483647;
			files = (
				FA79D67E2A01D18300CD2645 /* Result.swift in Sources */,
				FABA64AF2A1410B500E4C14E /* Departamento.swift in Sources */,
				FA67CCA72A1E8D8F008572A5 /* ProductoCollCell.swift in Sources */,
				FA9379AB29FB2D2300B135FB /* UsuarioController.swift in Sources */,
				FA71E6822A1BFA4700A341C9 /* LoginController.swift in Sources */,
				FA67CCAA2A1E9176008572A5 /* GetProductosByDepController.swift in Sources */,
				FABA64B12A1410C600E4C14E /* Proveedor.swift in Sources */,
				FA1ADA542A0AFB6A0077B883 /* RolViewModel.swift in Sources */,
				FABA64BA2A14248700E4C14E /* ProductoCell.swift in Sources */,
				FA1ADA5D2A0B0A5F0077B883 /* RolCell.swift in Sources */,
				FA67CCA12A1E77B4008572A5 /* GetDepartamentosController.swift in Sources */,
				FA9BC2FD2A0445A5008A4B79 /* UsuarioViewModel.swift in Sources */,
				FA9379A729FB2D2300B135FB /* AppDelegate.swift in Sources */,
				FABA64BD2A1455A900E4C14E /* GetAllProductosController.swift in Sources */,
				FA1ADA562A0AFBF40077B883 /* Rol.swift in Sources */,
				FABA64B52A14126200E4C14E /* ProductoViewModel.swift in Sources */,
				FA4363382A16D81A008B288B /* AreaViewModel.swift in Sources */,
				FA8DA7382A15615D00D6D400 /* DepartamentoViewModel.swift in Sources */,
				FABA64B32A1410D100E4C14E /* Producto.swift in Sources */,
				FA9379A929FB2D2300B135FB /* SceneDelegate.swift in Sources */,
				FA71F4A32A0311720029D67D /* UsuarioCell.swift in Sources */,
				FA8DA7362A153D9000D6D400 /* ProductoController.swift in Sources */,
				FA6C7D2D2A1D906200714194 /* GetAllAreaController.swift in Sources */,
				FA092F5529FC808B00F8E423 /* Usuario.swift in Sources */,
				FABA64AD2A1410A300E4C14E /* Area.swift in Sources */,
				FA1ADA502A0AF4BD0077B883 /* RolController.swift in Sources */,
				FA6C7D2A2A1D8FDF00714194 /* AreaDepCell.swift in Sources */,
				FA67BF6129FC57C3007F64DA /* DBManager.swift in Sources */,
				FA8DA73A2A15671900D6D400 /* ProveedorViewModel.swift in Sources */,
				FA1ADA522A0AF66F0077B883 /* GetAllRolesController.swift in Sources */,
				FA71F4A02A03112A0029D67D /* GetAllUsuariosController.swift in Sources */,
				FA71E6842A1C1F7B00A341C9 /* RegisterController.swift in Sources */,
			);
			runOnlyForDeploymentPostprocessing = 0;
		};
		FAA71DC62A1FE96900B23183 /* Sources */ = {
			isa = PBXSourcesBuildPhase;
			buildActionMask = 2147483647;
			files = (
				FAA71DEC2A20313600B23183 /* UsuarioViewModel.swift in Sources */,
				FAE094492A2152120060354B /* CarritoCell.swift in Sources */,
				FAA71DED2A20313600B23183 /* RolViewModel.swift in Sources */,
				FAE0943E2A21442C0060354B /* AMaldonadoECommerce.xcdatamodeld in Sources */,
				FAA71DEE2A20313600B23183 /* ProductoViewModel.swift in Sources */,
				FAE0943B2A2142620060354B /* CarritoViewModel.swift in Sources */,
				FAA71E1E2A2038DA00B23183 /* GetProductosByDepController.swift in Sources */,
				FAA71DEF2A20313600B23183 /* DepartamentoViewModel.swift in Sources */,
				FAA71DF02A20313600B23183 /* ProveedorViewModel.swift in Sources */,
				FAA71DF12A20313600B23183 /* AreaViewModel.swift in Sources */,
				FAA71DE92A20307F00B23183 /* Departamento.swift in Sources */,
				FAA71DEA2A20307F00B23183 /* Proveedor.swift in Sources */,
				FAA71DEB2A20307F00B23183 /* Producto.swift in Sources */,
				FAA71DFE2A20330300B23183 /* LoginController.swift in Sources */,
				FAA71DE42A20306E00B23183 /* DBManager.swift in Sources */,
				FAA71DE52A20306E00B23183 /* Result.swift in Sources */,
				FAA71E1C2A20387400B23183 /* GetDepartamentosController.swift in Sources */,
				FAA71DE62A20306E00B23183 /* Usuario.swift in Sources */,
				FAA71DE72A20306E00B23183 /* Rol.swift in Sources */,
				FAA71DE82A20306E00B23183 /* Area.swift in Sources */,
				FAA71DFC2A2032CC00B23183 /* ProductoCollCell.swift in Sources */,
				FAA71DD12A1FE96900B23183 /* ViewController.swift in Sources */,
				FAA71E1A2A20380E00B23183 /* GetAllAreaController.swift in Sources */,
				FAE094402A214B320060354B /* Carrito.swift in Sources */,
				FAA71DCD2A1FE96900B23183 /* AppDelegate.swift in Sources */,
				FAA71DF62A20328100B23183 /* AreaDepCell.swift in Sources */,
				FAA71DCF2A1FE96900B23183 /* SceneDelegate.swift in Sources */,
				FAE094452A214F5F0060354B /* CarritoController.swift in Sources */,
				FAE094422A214C960060354B /* RegisterController.swift in Sources */,
			);
			runOnlyForDeploymentPostprocessing = 0;
		};
/* End PBXSourcesBuildPhase section */

/* Begin PBXTargetDependency section */
		FA289FB92A257C7600438183 /* PBXTargetDependency */ = {
			isa = PBXTargetDependency;
			target = FAA71DC92A1FE96900B23183 /* AMaldonadoECommerceVenta */;
			targetProxy = FA289FB82A257C7600438183 /* PBXContainerItemProxy */;
		};
		FA30116A2A26CEB90055B04A /* PBXTargetDependency */ = {
			isa = PBXTargetDependency;
			target = FAA71DC92A1FE96900B23183 /* AMaldonadoECommerceVenta */;
			targetProxy = FA3011692A26CEB90055B04A /* PBXContainerItemProxy */;
		};
		FA8240FC2A26848900C9DDDD /* PBXTargetDependency */ = {
			isa = PBXTargetDependency;
			target = FA9379A229FB2D2300B135FB /* AMaldonadoECommerce */;
			targetProxy = FA8240FB2A26848900C9DDDD /* PBXContainerItemProxy */;
		};
/* End PBXTargetDependency section */

/* Begin PBXVariantGroup section */
		FA9379AC29FB2D2300B135FB /* Main.storyboard */ = {
			isa = PBXVariantGroup;
			children = (
				FA9379AD29FB2D2300B135FB /* Base */,
			);
			name = Main.storyboard;
			sourceTree = "<group>";
		};
		FA9379B129FB2D2400B135FB /* LaunchScreen.storyboard */ = {
			isa = PBXVariantGroup;
			children = (
				FA9379B229FB2D2400B135FB /* Base */,
			);
			name = LaunchScreen.storyboard;
			sourceTree = "<group>";
		};
		FAA71DD22A1FE96900B23183 /* Main.storyboard */ = {
			isa = PBXVariantGroup;
			children = (
				FAA71DD32A1FE96900B23183 /* Base */,
			);
			name = Main.storyboard;
			sourceTree = "<group>";
		};
		FAA71DD72A1FE96A00B23183 /* LaunchScreen.storyboard */ = {
			isa = PBXVariantGroup;
			children = (
				FAA71DD82A1FE96A00B23183 /* Base */,
			);
			name = LaunchScreen.storyboard;
			sourceTree = "<group>";
		};
/* End PBXVariantGroup section */

/* Begin XCBuildConfiguration section */
		FA289FBA2A257C7600438183 /* Debug */ = {
			isa = XCBuildConfiguration;
			buildSettings = {
				BUNDLE_LOADER = "$(TEST_HOST)";
				CODE_SIGN_STYLE = Automatic;
				CURRENT_PROJECT_VERSION = 1;
				DEVELOPMENT_TEAM = H4TH999P5P;
				GENERATE_INFOPLIST_FILE = YES;
				MARKETING_VERSION = 1.0;
				PRODUCT_BUNDLE_IDENTIFIER = com.digis.AMaldonadoECommerceVentaTests;
				PRODUCT_NAME = "$(TARGET_NAME)";
				SWIFT_EMIT_LOC_STRINGS = NO;
				SWIFT_VERSION = 5.0;
				TARGETED_DEVICE_FAMILY = "1,2";
				TEST_HOST = "$(BUILT_PRODUCTS_DIR)/AMaldonadoECommerceVenta.app/$(BUNDLE_EXECUTABLE_FOLDER_PATH)/AMaldonadoECommerceVenta";
			};
			name = Debug;
		};
		FA289FBB2A257C7600438183 /* Release */ = {
			isa = XCBuildConfiguration;
			buildSettings = {
				BUNDLE_LOADER = "$(TEST_HOST)";
				CODE_SIGN_STYLE = Automatic;
				CURRENT_PROJECT_VERSION = 1;
				DEVELOPMENT_TEAM = H4TH999P5P;
				GENERATE_INFOPLIST_FILE = YES;
				MARKETING_VERSION = 1.0;
				PRODUCT_BUNDLE_IDENTIFIER = com.digis.AMaldonadoECommerceVentaTests;
				PRODUCT_NAME = "$(TARGET_NAME)";
				SWIFT_EMIT_LOC_STRINGS = NO;
				SWIFT_VERSION = 5.0;
				TARGETED_DEVICE_FAMILY = "1,2";
				TEST_HOST = "$(BUILT_PRODUCTS_DIR)/AMaldonadoECommerceVenta.app/$(BUNDLE_EXECUTABLE_FOLDER_PATH)/AMaldonadoECommerceVenta";
			};
			name = Release;
		};
		FA30116B2A26CEB90055B04A /* Debug */ = {
			isa = XCBuildConfiguration;
			buildSettings = {
				CODE_SIGN_STYLE = Automatic;
				CURRENT_PROJECT_VERSION = 1;
				DEVELOPMENT_TEAM = H4TH999P5P;
				GENERATE_INFOPLIST_FILE = YES;
				MARKETING_VERSION = 1.0;
				PRODUCT_BUNDLE_IDENTIFIER = com.digis.AMaldonadoECommerceVentaUITests;
				PRODUCT_NAME = "$(TARGET_NAME)";
				SWIFT_EMIT_LOC_STRINGS = NO;
				SWIFT_VERSION = 5.0;
				TARGETED_DEVICE_FAMILY = "1,2";
				TEST_TARGET_NAME = AMaldonadoECommerceVenta;
			};
			name = Debug;
		};
		FA30116C2A26CEB90055B04A /* Release */ = {
			isa = XCBuildConfiguration;
			buildSettings = {
				CODE_SIGN_STYLE = Automatic;
				CURRENT_PROJECT_VERSION = 1;
				DEVELOPMENT_TEAM = H4TH999P5P;
				GENERATE_INFOPLIST_FILE = YES;
				MARKETING_VERSION = 1.0;
				PRODUCT_BUNDLE_IDENTIFIER = com.digis.AMaldonadoECommerceVentaUITests;
				PRODUCT_NAME = "$(TARGET_NAME)";
				SWIFT_EMIT_LOC_STRINGS = NO;
				SWIFT_VERSION = 5.0;
				TARGETED_DEVICE_FAMILY = "1,2";
				TEST_TARGET_NAME = AMaldonadoECommerceVenta;
			};
			name = Release;
		};
		FA9379B529FB2D2400B135FB /* Debug */ = {
			isa = XCBuildConfiguration;
			buildSettings = {
				ALWAYS_SEARCH_USER_PATHS = NO;
				CLANG_ANALYZER_NONNULL = YES;
				CLANG_ANALYZER_NUMBER_OBJECT_CONVERSION = YES_AGGRESSIVE;
				CLANG_CXX_LANGUAGE_STANDARD = "gnu++20";
				CLANG_ENABLE_MODULES = YES;
				CLANG_ENABLE_OBJC_ARC = YES;
				CLANG_ENABLE_OBJC_WEAK = YES;
				CLANG_WARN_BLOCK_CAPTURE_AUTORELEASING = YES;
				CLANG_WARN_BOOL_CONVERSION = YES;
				CLANG_WARN_COMMA = YES;
				CLANG_WARN_CONSTANT_CONVERSION = YES;
				CLANG_WARN_DEPRECATED_OBJC_IMPLEMENTATIONS = YES;
				CLANG_WARN_DIRECT_OBJC_ISA_USAGE = YES_ERROR;
				CLANG_WARN_DOCUMENTATION_COMMENTS = YES;
				CLANG_WARN_EMPTY_BODY = YES;
				CLANG_WARN_ENUM_CONVERSION = YES;
				CLANG_WARN_INFINITE_RECURSION = YES;
				CLANG_WARN_INT_CONVERSION = YES;
				CLANG_WARN_NON_LITERAL_NULL_CONVERSION = YES;
				CLANG_WARN_OBJC_IMPLICIT_RETAIN_SELF = YES;
				CLANG_WARN_OBJC_LITERAL_CONVERSION = YES;
				CLANG_WARN_OBJC_ROOT_CLASS = YES_ERROR;
				CLANG_WARN_QUOTED_INCLUDE_IN_FRAMEWORK_HEADER = YES;
				CLANG_WARN_RANGE_LOOP_ANALYSIS = YES;
				CLANG_WARN_STRICT_PROTOTYPES = YES;
				CLANG_WARN_SUSPICIOUS_MOVE = YES;
				CLANG_WARN_UNGUARDED_AVAILABILITY = YES_AGGRESSIVE;
				CLANG_WARN_UNREACHABLE_CODE = YES;
				CLANG_WARN__DUPLICATE_METHOD_MATCH = YES;
				COPY_PHASE_STRIP = NO;
				DEBUG_INFORMATION_FORMAT = dwarf;
				ENABLE_STRICT_OBJC_MSGSEND = YES;
				ENABLE_TESTABILITY = YES;
				GCC_C_LANGUAGE_STANDARD = gnu11;
				GCC_DYNAMIC_NO_PIC = NO;
				GCC_NO_COMMON_BLOCKS = YES;
				GCC_OPTIMIZATION_LEVEL = 0;
				GCC_PREPROCESSOR_DEFINITIONS = (
					"DEBUG=1",
					"$(inherited)",
				);
				GCC_WARN_64_TO_32_BIT_CONVERSION = YES;
				GCC_WARN_ABOUT_RETURN_TYPE = YES_ERROR;
				GCC_WARN_UNDECLARED_SELECTOR = YES;
				GCC_WARN_UNINITIALIZED_AUTOS = YES_AGGRESSIVE;
				GCC_WARN_UNUSED_FUNCTION = YES;
				GCC_WARN_UNUSED_VARIABLE = YES;
				IPHONEOS_DEPLOYMENT_TARGET = 16.4;
				MTL_ENABLE_DEBUG_INFO = INCLUDE_SOURCE;
				MTL_FAST_MATH = YES;
				ONLY_ACTIVE_ARCH = YES;
				SDKROOT = iphoneos;
				SWIFT_ACTIVE_COMPILATION_CONDITIONS = DEBUG;
				SWIFT_OPTIMIZATION_LEVEL = "-Onone";
			};
			name = Debug;
		};
		FA9379B629FB2D2400B135FB /* Release */ = {
			isa = XCBuildConfiguration;
			buildSettings = {
				ALWAYS_SEARCH_USER_PATHS = NO;
				CLANG_ANALYZER_NONNULL = YES;
				CLANG_ANALYZER_NUMBER_OBJECT_CONVERSION = YES_AGGRESSIVE;
				CLANG_CXX_LANGUAGE_STANDARD = "gnu++20";
				CLANG_ENABLE_MODULES = YES;
				CLANG_ENABLE_OBJC_ARC = YES;
				CLANG_ENABLE_OBJC_WEAK = YES;
				CLANG_WARN_BLOCK_CAPTURE_AUTORELEASING = YES;
				CLANG_WARN_BOOL_CONVERSION = YES;
				CLANG_WARN_COMMA = YES;
				CLANG_WARN_CONSTANT_CONVERSION = YES;
				CLANG_WARN_DEPRECATED_OBJC_IMPLEMENTATIONS = YES;
				CLANG_WARN_DIRECT_OBJC_ISA_USAGE = YES_ERROR;
				CLANG_WARN_DOCUMENTATION_COMMENTS = YES;
				CLANG_WARN_EMPTY_BODY = YES;
				CLANG_WARN_ENUM_CONVERSION = YES;
				CLANG_WARN_INFINITE_RECURSION = YES;
				CLANG_WARN_INT_CONVERSION = YES;
				CLANG_WARN_NON_LITERAL_NULL_CONVERSION = YES;
				CLANG_WARN_OBJC_IMPLICIT_RETAIN_SELF = YES;
				CLANG_WARN_OBJC_LITERAL_CONVERSION = YES;
				CLANG_WARN_OBJC_ROOT_CLASS = YES_ERROR;
				CLANG_WARN_QUOTED_INCLUDE_IN_FRAMEWORK_HEADER = YES;
				CLANG_WARN_RANGE_LOOP_ANALYSIS = YES;
				CLANG_WARN_STRICT_PROTOTYPES = YES;
				CLANG_WARN_SUSPICIOUS_MOVE = YES;
				CLANG_WARN_UNGUARDED_AVAILABILITY = YES_AGGRESSIVE;
				CLANG_WARN_UNREACHABLE_CODE = YES;
				CLANG_WARN__DUPLICATE_METHOD_MATCH = YES;
				COPY_PHASE_STRIP = NO;
				DEBUG_INFORMATION_FORMAT = "dwarf-with-dsym";
				ENABLE_NS_ASSERTIONS = NO;
				ENABLE_STRICT_OBJC_MSGSEND = YES;
				GCC_C_LANGUAGE_STANDARD = gnu11;
				GCC_NO_COMMON_BLOCKS = YES;
				GCC_WARN_64_TO_32_BIT_CONVERSION = YES;
				GCC_WARN_ABOUT_RETURN_TYPE = YES_ERROR;
				GCC_WARN_UNDECLARED_SELECTOR = YES;
				GCC_WARN_UNINITIALIZED_AUTOS = YES_AGGRESSIVE;
				GCC_WARN_UNUSED_FUNCTION = YES;
				GCC_WARN_UNUSED_VARIABLE = YES;
				IPHONEOS_DEPLOYMENT_TARGET = 16.4;
				MTL_ENABLE_DEBUG_INFO = NO;
				MTL_FAST_MATH = YES;
				SDKROOT = iphoneos;
				SWIFT_COMPILATION_MODE = wholemodule;
				SWIFT_OPTIMIZATION_LEVEL = "-O";
				VALIDATE_PRODUCT = YES;
			};
			name = Release;
		};
		FA9379B829FB2D2400B135FB /* Debug */ = {
			isa = XCBuildConfiguration;
			baseConfigurationReference = 328A16C1D62642763DD0ABA6 /* Pods-AMaldonadoECommerce.debug.xcconfig */;
			buildSettings = {
				ASSETCATALOG_COMPILER_APPICON_NAME = AppIcon;
				ASSETCATALOG_COMPILER_GLOBAL_ACCENT_COLOR_NAME = AccentColor;
				CODE_SIGN_ENTITLEMENTS = AMaldonadoECommerce/AMaldonadoECommerce.entitlements;
				CODE_SIGN_STYLE = Automatic;
				CURRENT_PROJECT_VERSION = 1;
				DEVELOPMENT_TEAM = H4TH999P5P;
				GENERATE_INFOPLIST_FILE = YES;
				INFOPLIST_FILE = AMaldonadoECommerce/Info.plist;
				INFOPLIST_KEY_UIApplicationSupportsIndirectInputEvents = YES;
				INFOPLIST_KEY_UILaunchStoryboardName = LaunchScreen;
				INFOPLIST_KEY_UIMainStoryboardFile = Main;
				INFOPLIST_KEY_UISupportedInterfaceOrientations_iPad = "UIInterfaceOrientationPortrait UIInterfaceOrientationPortraitUpsideDown UIInterfaceOrientationLandscapeLeft UIInterfaceOrientationLandscapeRight";
				INFOPLIST_KEY_UISupportedInterfaceOrientations_iPhone = "UIInterfaceOrientationPortrait UIInterfaceOrientationLandscapeLeft UIInterfaceOrientationLandscapeRight";
				LD_RUNPATH_SEARCH_PATHS = (
					"$(inherited)",
					"@executable_path/Frameworks",
				);
				MARKETING_VERSION = 1.0;
				PRODUCT_BUNDLE_IDENTIFIER = com.digis.AMaldonadoECommerce;
				PRODUCT_NAME = "$(TARGET_NAME)";
				SWIFT_EMIT_LOC_STRINGS = YES;
				SWIFT_VERSION = 5.0;
				TARGETED_DEVICE_FAMILY = "1,2";
			};
			name = Debug;
		};
		FA9379B929FB2D2400B135FB /* Release */ = {
			isa = XCBuildConfiguration;
			baseConfigurationReference = 432D98BE62759632D24CE027 /* Pods-AMaldonadoECommerce.release.xcconfig */;
			buildSettings = {
				ASSETCATALOG_COMPILER_APPICON_NAME = AppIcon;
				ASSETCATALOG_COMPILER_GLOBAL_ACCENT_COLOR_NAME = AccentColor;
				CODE_SIGN_ENTITLEMENTS = AMaldonadoECommerce/AMaldonadoECommerce.entitlements;
				CODE_SIGN_STYLE = Automatic;
				CURRENT_PROJECT_VERSION = 1;
				DEVELOPMENT_TEAM = H4TH999P5P;
				GENERATE_INFOPLIST_FILE = YES;
				INFOPLIST_FILE = AMaldonadoECommerce/Info.plist;
				INFOPLIST_KEY_UIApplicationSupportsIndirectInputEvents = YES;
				INFOPLIST_KEY_UILaunchStoryboardName = LaunchScreen;
				INFOPLIST_KEY_UIMainStoryboardFile = Main;
				INFOPLIST_KEY_UISupportedInterfaceOrientations_iPad = "UIInterfaceOrientationPortrait UIInterfaceOrientationPortraitUpsideDown UIInterfaceOrientationLandscapeLeft UIInterfaceOrientationLandscapeRight";
				INFOPLIST_KEY_UISupportedInterfaceOrientations_iPhone = "UIInterfaceOrientationPortrait UIInterfaceOrientationLandscapeLeft UIInterfaceOrientationLandscapeRight";
				LD_RUNPATH_SEARCH_PATHS = (
					"$(inherited)",
					"@executable_path/Frameworks",
				);
				MARKETING_VERSION = 1.0;
				PRODUCT_BUNDLE_IDENTIFIER = com.digis.AMaldonadoECommerce;
				PRODUCT_NAME = "$(TARGET_NAME)";
				SWIFT_EMIT_LOC_STRINGS = YES;
				SWIFT_VERSION = 5.0;
				TARGETED_DEVICE_FAMILY = "1,2";
			};
			name = Release;
		};
		FAA71DDC2A1FE96A00B23183 /* Debug */ = {
			isa = XCBuildConfiguration;
			baseConfigurationReference = A93BAC17FC536F8895C889E4 /* Pods-AMaldonadoECommerceVenta.debug.xcconfig */;
			buildSettings = {
				ASSETCATALOG_COMPILER_APPICON_NAME = AppIcon;
				ASSETCATALOG_COMPILER_GLOBAL_ACCENT_COLOR_NAME = AccentColor;
				CODE_SIGN_ENTITLEMENTS = AMaldonadoECommerceVenta/AMaldonadoECommerceVenta.entitlements;
				CODE_SIGN_STYLE = Automatic;
				CURRENT_PROJECT_VERSION = 1;
				DEVELOPMENT_TEAM = H4TH999P5P;
				GENERATE_INFOPLIST_FILE = YES;
				INFOPLIST_FILE = AMaldonadoECommerceVenta/Info.plist;
				INFOPLIST_KEY_UIApplicationSupportsIndirectInputEvents = YES;
				INFOPLIST_KEY_UILaunchStoryboardName = LaunchScreen;
				INFOPLIST_KEY_UIMainStoryboardFile = Main;
				INFOPLIST_KEY_UISupportedInterfaceOrientations_iPad = "UIInterfaceOrientationPortrait UIInterfaceOrientationPortraitUpsideDown UIInterfaceOrientationLandscapeLeft UIInterfaceOrientationLandscapeRight";
				INFOPLIST_KEY_UISupportedInterfaceOrientations_iPhone = "UIInterfaceOrientationPortrait UIInterfaceOrientationLandscapeLeft UIInterfaceOrientationLandscapeRight";
				LD_RUNPATH_SEARCH_PATHS = (
					"$(inherited)",
					"@executable_path/Frameworks",
				);
				MARKETING_VERSION = 1.0;
				PRODUCT_BUNDLE_IDENTIFIER = com.digis.AMaldonadoECommerceVenta;
				PRODUCT_NAME = "$(TARGET_NAME)";
				SWIFT_EMIT_LOC_STRINGS = YES;
				SWIFT_VERSION = 5.0;
				TARGETED_DEVICE_FAMILY = "1,2";
			};
			name = Debug;
		};
		FAA71DDD2A1FE96A00B23183 /* Release */ = {
			isa = XCBuildConfiguration;
			baseConfigurationReference = 2625F444921D13A3F7D62AF9 /* Pods-AMaldonadoECommerceVenta.release.xcconfig */;
			buildSettings = {
				ASSETCATALOG_COMPILER_APPICON_NAME = AppIcon;
				ASSETCATALOG_COMPILER_GLOBAL_ACCENT_COLOR_NAME = AccentColor;
				CODE_SIGN_ENTITLEMENTS = AMaldonadoECommerceVenta/AMaldonadoECommerceVenta.entitlements;
				CODE_SIGN_STYLE = Automatic;
				CURRENT_PROJECT_VERSION = 1;
				DEVELOPMENT_TEAM = H4TH999P5P;
				GENERATE_INFOPLIST_FILE = YES;
				INFOPLIST_FILE = AMaldonadoECommerceVenta/Info.plist;
				INFOPLIST_KEY_UIApplicationSupportsIndirectInputEvents = YES;
				INFOPLIST_KEY_UILaunchStoryboardName = LaunchScreen;
				INFOPLIST_KEY_UIMainStoryboardFile = Main;
				INFOPLIST_KEY_UISupportedInterfaceOrientations_iPad = "UIInterfaceOrientationPortrait UIInterfaceOrientationPortraitUpsideDown UIInterfaceOrientationLandscapeLeft UIInterfaceOrientationLandscapeRight";
				INFOPLIST_KEY_UISupportedInterfaceOrientations_iPhone = "UIInterfaceOrientationPortrait UIInterfaceOrientationLandscapeLeft UIInterfaceOrientationLandscapeRight";
				LD_RUNPATH_SEARCH_PATHS = (
					"$(inherited)",
					"@executable_path/Frameworks",
				);
				MARKETING_VERSION = 1.0;
				PRODUCT_BUNDLE_IDENTIFIER = com.digis.AMaldonadoECommerceVenta;
				PRODUCT_NAME = "$(TARGET_NAME)";
				SWIFT_EMIT_LOC_STRINGS = YES;
				SWIFT_VERSION = 5.0;
				TARGETED_DEVICE_FAMILY = "1,2";
			};
			name = Release;
		};
/* End XCBuildConfiguration section */

/* Begin XCConfigurationList section */
		FA289FBC2A257C7600438183 /* Build configuration list for PBXNativeTarget "AMaldonadoECommerceVentaTests" */ = {
			isa = XCConfigurationList;
			buildConfigurations = (
				FA289FBA2A257C7600438183 /* Debug */,
				FA289FBB2A257C7600438183 /* Release */,
			);
			defaultConfigurationIsVisible = 0;
			defaultConfigurationName = Release;
		};
		FA30116D2A26CEB90055B04A /* Build configuration list for PBXNativeTarget "AMaldonadoECommerceVentaUITests" */ = {
			isa = XCConfigurationList;
			buildConfigurations = (
				FA30116B2A26CEB90055B04A /* Debug */,
				FA30116C2A26CEB90055B04A /* Release */,
			);
			defaultConfigurationIsVisible = 0;
			defaultConfigurationName = Release;
		};
		FA93799E29FB2D2300B135FB /* Build configuration list for PBXProject "AMaldonadoECommerce" */ = {
			isa = XCConfigurationList;
			buildConfigurations = (
				FA9379B529FB2D2400B135FB /* Debug */,
				FA9379B629FB2D2400B135FB /* Release */,
			);
			defaultConfigurationIsVisible = 0;
			defaultConfigurationName = Release;
		};
		FA9379B729FB2D2400B135FB /* Build configuration list for PBXNativeTarget "AMaldonadoECommerce" */ = {
			isa = XCConfigurationList;
			buildConfigurations = (
				FA9379B829FB2D2400B135FB /* Debug */,
				FA9379B929FB2D2400B135FB /* Release */,
			);
			defaultConfigurationIsVisible = 0;
			defaultConfigurationName = Release;
		};
		FAA71DDB2A1FE96A00B23183 /* Build configuration list for PBXNativeTarget "AMaldonadoECommerceVenta" */ = {
			isa = XCConfigurationList;
			buildConfigurations = (
				FAA71DDC2A1FE96A00B23183 /* Debug */,
				FAA71DDD2A1FE96A00B23183 /* Release */,
			);
			defaultConfigurationIsVisible = 0;
			defaultConfigurationName = Release;
		};
/* End XCConfigurationList section */

/* Begin XCRemoteSwiftPackageReference section */
		FA39F6712A180EF20034A2A1 /* XCRemoteSwiftPackageReference "firebase-ios-sdk" */ = {
			isa = XCRemoteSwiftPackageReference;
			repositoryURL = "https://github.com/firebase/firebase-ios-sdk";
			requirement = {
				kind = upToNextMajorVersion;
				minimumVersion = 10.0.0;
			};
		};
/* End XCRemoteSwiftPackageReference section */

/* Begin XCSwiftPackageProductDependency section */
		FA39F6722A180EF20034A2A1 /* FirebaseAuth */ = {
			isa = XCSwiftPackageProductDependency;
			package = FA39F6712A180EF20034A2A1 /* XCRemoteSwiftPackageReference "firebase-ios-sdk" */;
			productName = FirebaseAuth;
		};
		FA39F6742A180EF20034A2A1 /* FirebaseCrashlytics */ = {
			isa = XCSwiftPackageProductDependency;
			package = FA39F6712A180EF20034A2A1 /* XCRemoteSwiftPackageReference "firebase-ios-sdk" */;
			productName = FirebaseCrashlytics;
		};
		FA39F6762A180EF20034A2A1 /* FirebaseStorage */ = {
			isa = XCSwiftPackageProductDependency;
			package = FA39F6712A180EF20034A2A1 /* XCRemoteSwiftPackageReference "firebase-ios-sdk" */;
			productName = FirebaseStorage;
		};
		FA8240EF2A2682FE00C9DDDD /* FirebaseAuth */ = {
			isa = XCSwiftPackageProductDependency;
			package = FA39F6712A180EF20034A2A1 /* XCRemoteSwiftPackageReference "firebase-ios-sdk" */;
			productName = FirebaseAuth;
		};
		FA8240F12A2682FE00C9DDDD /* FirebaseCrashlytics */ = {
			isa = XCSwiftPackageProductDependency;
			package = FA39F6712A180EF20034A2A1 /* XCRemoteSwiftPackageReference "firebase-ios-sdk" */;
			productName = FirebaseCrashlytics;
		};
		FA8240F32A2682FE00C9DDDD /* FirebaseStorage */ = {
			isa = XCSwiftPackageProductDependency;
			package = FA39F6712A180EF20034A2A1 /* XCRemoteSwiftPackageReference "firebase-ios-sdk" */;
			productName = FirebaseStorage;
		};
		FA8240F52A2683E400C9DDDD /* FirebaseAuth */ = {
			isa = XCSwiftPackageProductDependency;
			package = FA39F6712A180EF20034A2A1 /* XCRemoteSwiftPackageReference "firebase-ios-sdk" */;
			productName = FirebaseAuth;
		};
		FA8240F72A2683E400C9DDDD /* FirebaseCrashlytics */ = {
			isa = XCSwiftPackageProductDependency;
			package = FA39F6712A180EF20034A2A1 /* XCRemoteSwiftPackageReference "firebase-ios-sdk" */;
			productName = FirebaseCrashlytics;
		};
		FA8240F92A2683E400C9DDDD /* FirebaseStorage */ = {
			isa = XCSwiftPackageProductDependency;
			package = FA39F6712A180EF20034A2A1 /* XCRemoteSwiftPackageReference "firebase-ios-sdk" */;
			productName = FirebaseStorage;
		};
/* End XCSwiftPackageProductDependency section */

/* Begin XCVersionGroup section */
		FAE0943C2A21442C0060354B /* AMaldonadoECommerce.xcdatamodeld */ = {
			isa = XCVersionGroup;
			children = (
				FAE0943D2A21442C0060354B /* AMaldonadoECommerce.xcdatamodel */,
			);
			currentVersion = FAE0943D2A21442C0060354B /* AMaldonadoECommerce.xcdatamodel */;
			path = AMaldonadoECommerce.xcdatamodeld;
			sourceTree = "<group>";
			versionGroupType = wrapper.xcdatamodel;
		};
/* End XCVersionGroup section */
	};
	rootObject = FA93799B29FB2D2300B135FB /* Project object */;
}
